<?xml version="1.0" encoding="utf-8"?>
<Project ToolsVersion="4.0" xmlns="http://schemas.microsoft.com/developer/msbuild/2003">
	<ItemGroup>
		<Filter Include="libgen86">
			<UniqueIdentifier>{372a956e-8c03-4d55-8939-00000C13A076}</UniqueIdentifier>
		</Filter>
	</ItemGroup>
	<ItemGroup>
		<ClInclude Include="..\..\src\dex\_hostasm\host.h" />
		<ClInclude Include="..\..\src\dex\_hostasm\libgen86\api.h">
			<Filter>libgen86</Filter>
		</ClInclude>
		<ClInclude Include="..\..\src\dex\_hostasm\libgen86\gen.h">
			<Filter>libgen86</Filter>
		</ClInclude>
		<ClInclude Include="..\..\src\dex\_hostasm\libgen86\register.h">
			<Filter>libgen86</Filter>
		</ClInclude>
		<ClInclude Include="..\..\src\dex\_hostasm\libhostasm.h" />
		<ClInclude Include="..\..\src\dex\_hostasm\utils.h" />
	</ItemGroup>
	<ItemGroup>
		<ClCompile Include="..\..\src\dex\_hostasm\assembler.c" />
		<ClCompile Include="..\..\src\dex\_hostasm\common.c" />
		<ClCompile Include="..\..\src\dex\_hostasm\generator-arch.c" />
		<ClCompile Include="..\..\src\dex\_hostasm\generator-common.c" />
		<ClCompile Include="..\..\src\dex\_hostasm\generator-deemon.c" />
		<ClCompile Include="..\..\src\dex\_hostasm\generator-rt.c" />
		<ClCompile Include="..\..\src\dex\_hostasm\generator-traits.c" />
		<ClCompile Include="..\..\src\dex\_hostasm\generator-vmorph.c" />
		<ClCompile Include="..\..\src\dex\_hostasm\generator-vstack-ccall.c" />
		<ClCompile Include="..\..\src\dex\_hostasm\generator-vstack-direct.c" />
		<ClCompile Include="..\..\src\dex\_hostasm\generator-vstack-ex.c" />
		<ClCompile Include="..\..\src\dex\_hostasm\generator-vstack.c" />
		<ClCompile Include="..\..\src\dex\_hostasm\generator-xmorph.c" />
		<ClCompile Include="..\..\src\dex\_hostasm\libhostasm.c" />
		<ClCompile Include="..\..\src\dex\_hostasm\loader-locuse.c" />
		<ClCompile Include="..\..\src\dex\_hostasm\loader.c" />
		<ClCompile Include="..\..\src\dex\_hostasm\memstate.c" />
	</ItemGroup>
	<ItemGroup>
		<None Include="..\..\src\dex\_hostasm\libgen86\.git">
			<Filter>libgen86</Filter>
		</None>
		<None Include="..\..\src\dex\_hostasm\libgen86\README.md">
			<Filter>libgen86</Filter>
		</None>
	</ItemGroup>
</Project>