<?xml version="1.0" encoding="utf-8"?>
<Project ToolsVersion="4.0" xmlns="http://schemas.microsoft.com/developer/msbuild/2003">
  <ItemGroup>
    <ClCompile Include="..\..\src\dex\ctypes\array.c" />
    <ClCompile Include="..\..\src\dex\ctypes\builtins.c" />
    <ClCompile Include="..\..\src\dex\ctypes\cfunction.c" />
    <ClCompile Include="..\..\src\dex\ctypes\core.c" />
    <ClCompile Include="..\..\src\dex\ctypes\libctypes.c" />
    <ClCompile Include="..\..\src\dex\ctypes\pointer-math.c" />
    <ClCompile Include="..\..\src\dex\ctypes\pointer.c" />
    <ClCompile Include="..\..\src\dex\ctypes\ffi\libffi_msvc\ffi64.c">
      <Filter>ffi</Filter>
    </ClCompile>
    <ClCompile Include="..\..\src\dex\ctypes\ffi\libffi_msvc\prep_cif.c">
      <Filter>ffi</Filter>
    </ClCompile>
    <ClCompile Include="..\..\src\dex\ctypes\ffi\libffi_msvc\raw_api.c">
      <Filter>ffi</Filter>
    </ClCompile>
    <ClCompile Include="..\..\src\dex\ctypes\ffi\libffi_msvc\types.c">
      <Filter>ffi</Filter>
    </ClCompile>
    <ClCompile Include="..\..\src\dex\ctypes\ffi\libffi_msvc\closures.c">
      <Filter>ffi</Filter>
    </ClCompile>
    <ClCompile Include="..\..\src\dex\ctypes\ffi\libffi_msvc\ffi.c">
      <Filter>ffi</Filter>
    </ClCompile>
    <ClCompile Include="..\..\src\dex\ctypes\shlib.c" />
    <ClCompile Include="..\..\src\dex\ctypes\c_malloc.c" />
    <ClCompile Include="..\..\src\dex\ctypes\struct.c" />
    <ClCompile Include="..\..\src\dex\ctypes\c_string.c" />
  </ItemGroup>
  <ItemGroup>
    <ClInclude Include="..\..\src\dex\ctypes\libctypes.h" />
    <ClInclude Include="..\..\src\dex\ctypes\ffi\libffi_msvc\ffi_common.h">
      <Filter>ffi</Filter>
    </ClInclude>
    <ClInclude Include="..\..\src\dex\ctypes\ffi\libffi_msvc\fficonfig.h">
      <Filter>ffi</Filter>
    </ClInclude>
    <ClInclude Include="..\..\src\dex\ctypes\ffi\libffi_msvc\ffitarget.h">
      <Filter>ffi</Filter>
    </ClInclude>
    <ClInclude Include="..\..\src\dex\ctypes\ffi\libffi_msvc\ffi.h">
      <Filter>ffi</Filter>
    </ClInclude>
    <ClInclude Include="..\..\src\dex\ctypes\c_api.h" />
  </ItemGroup>
  <ItemGroup>
    <None Include="..\..\src\dex\ctypes\define-float.c.inl" />
    <None Include="..\..\src\dex\ctypes\define-integer.c.inl" />
    <None Include="..\..\src\dex\ctypes\pointer-math-impl.c.inl" />
    <None Include="..\..\src\dex\ctypes\ffi\libffi_msvc\dlmalloc.inl">
      <Filter>ffi</Filter>
    </None>
    <None Include="..\..\src\dex\ctypes\cfunction-invoke.c.inl" />
  </ItemGroup>
  <ItemGroup>
    <Filter Include="ffi">
      <UniqueIdentifier>{f0a9cf18-4534-4f2f-bf3f-3b10fe3ed90d}</UniqueIdentifier>
    </Filter>
  </ItemGroup>
  <ItemGroup>
    <CustomBuild Include="..\..\src\dex\ctypes\ffi\libffi_msvc\win32.S">
      <Filter>ffi</Filter>
    </CustomBuild>
    <CustomBuild Include="..\..\src\dex\ctypes\ffi\libffi_msvc\win64.S">
      <Filter>ffi</Filter>
    </CustomBuild>
  </ItemGroup>
</Project>