<?xml version="1.0" encoding="utf-8"?>
<Project ToolsVersion="4.0" xmlns="http://schemas.microsoft.com/developer/msbuild/2003">
	<ItemGroup>
		<Filter Include="include">
			<UniqueIdentifier>{372a956e-8c03-4d55-8939-00000195F605}</UniqueIdentifier>
		</Filter>
		<Filter Include="include\abi">
			<UniqueIdentifier>{372a956e-8c03-4d55-8939-00195F60F339}</UniqueIdentifier>
		</Filter>
		<Filter Include="include\compiler">
			<UniqueIdentifier>{372a956e-8c03-4d55-8939-E54B7E739EFF}</UniqueIdentifier>
		</Filter>
		<Filter Include="include\cxx">
			<UniqueIdentifier>{372a956e-8c03-4d55-8939-00195F60F378}</UniqueIdentifier>
		</Filter>
		<Filter Include="include\kos-headers">
			<UniqueIdentifier>{372a956e-8c03-4d55-8939-AF4C3B9EA148}</UniqueIdentifier>
		</Filter>
		<Filter Include="include\kos-headers\compiler">
			<UniqueIdentifier>{372a956e-8c03-4d55-8939-1D14ABCAE2A7}</UniqueIdentifier>
		</Filter>
		<Filter Include="include\kos-headers\hybrid">
			<UniqueIdentifier>{372a956e-8c03-4d55-8939-4789B705866D}</UniqueIdentifier>
		</Filter>
		<Filter Include="include\kos-headers\hybrid\pp">
			<UniqueIdentifier>{372a956e-8c03-4d55-8939-815D8B79A204}</UniqueIdentifier>
		</Filter>
		<Filter Include="include\kos-headers\hybrid\sched">
			<UniqueIdentifier>{372a956e-8c03-4d55-8939-94ECAADB4187}</UniqueIdentifier>
		</Filter>
		<Filter Include="include\kos-headers\hybrid\sequence">
			<UniqueIdentifier>{372a956e-8c03-4d55-8939-A873FE28831C}</UniqueIdentifier>
		</Filter>
		<Filter Include="include\kos-headers\hybrid\sync">
			<UniqueIdentifier>{372a956e-8c03-4d55-8939-0AF0BF8D8393}</UniqueIdentifier>
		</Filter>
		<Filter Include="include\util">
			<UniqueIdentifier>{372a956e-8c03-4d55-8939-00CAFB07B424}</UniqueIdentifier>
		</Filter>
		<Filter Include="src">
			<UniqueIdentifier>{372a956e-8c03-4d55-8939-000000001F33}</UniqueIdentifier>
		</Filter>
		<Filter Include="src\compiler">
			<UniqueIdentifier>{372a956e-8c03-4d55-8939-00F9C9ED4A5A}</UniqueIdentifier>
		</Filter>
		<Filter Include="src\compiler\asm">
			<UniqueIdentifier>{372a956e-8c03-4d55-8939-855739EF538E}</UniqueIdentifier>
		</Filter>
		<Filter Include="src\compiler\interface">
			<UniqueIdentifier>{372a956e-8c03-4d55-8939-B665F278FC77}</UniqueIdentifier>
		</Filter>
		<Filter Include="src\compiler\lexer">
			<UniqueIdentifier>{372a956e-8c03-4d55-8939-09363B73029E}</UniqueIdentifier>
		</Filter>
		<Filter Include="src\compiler\optimize">
			<UniqueIdentifier>{372a956e-8c03-4d55-8939-F89298B3D49A}</UniqueIdentifier>
		</Filter>
		<Filter Include="src\execute">
			<UniqueIdentifier>{372a956e-8c03-4d55-8939-001F392E8885}</UniqueIdentifier>
		</Filter>
		<Filter Include="src\execute\asm">
			<UniqueIdentifier>{372a956e-8c03-4d55-8939-0A5B9CCC8A6F}</UniqueIdentifier>
		</Filter>
		<Filter Include="src\linker-scripts">
			<UniqueIdentifier>{372a956e-8c03-4d55-8939-0F28B9353A51}</UniqueIdentifier>
		</Filter>
		<Filter Include="src\objects">
			<UniqueIdentifier>{372a956e-8c03-4d55-8939-001F390B7113}</UniqueIdentifier>
		</Filter>
		<Filter Include="src\objects\seq">
			<UniqueIdentifier>{372a956e-8c03-4d55-8939-0A58EC995C55}</UniqueIdentifier>
		</Filter>
		<Filter Include="src\objects\unicode">
			<UniqueIdentifier>{372a956e-8c03-4d55-8939-A1E329861DCC}</UniqueIdentifier>
		</Filter>
		<Filter Include="src\objects\unicode\db">
			<UniqueIdentifier>{372a956e-8c03-4d55-8939-C0DDF0AC63F6}</UniqueIdentifier>
		</Filter>
		<Filter Include="src\runtime">
			<UniqueIdentifier>{372a956e-8c03-4d55-8939-001F3974914D}</UniqueIdentifier>
		</Filter>
		<Filter Include="src\system">
			<UniqueIdentifier>{372a956e-8c03-4d55-8939-0003E72EE845}</UniqueIdentifier>
		</Filter>
	</ItemGroup>
	<ItemGroup>
		<ClInclude Include="..\LICENSE" />
		<ClInclude Include="..\Makefile" />
		<ClInclude Include="..\configure" />
		<ClInclude Include="..\include\deemon\abi\ctypes.h">
			<Filter>include\abi</Filter>
		</ClInclude>
		<ClInclude Include="..\include\deemon\abi\time.h">
			<Filter>include\abi</Filter>
		</ClInclude>
		<ClInclude Include="..\include\deemon\alloc.h">
			<Filter>include</Filter>
		</ClInclude>
		<ClInclude Include="..\include\deemon\api.h">
			<Filter>include</Filter>
		</ClInclude>
		<ClInclude Include="..\include\deemon\arg.h">
			<Filter>include</Filter>
		</ClInclude>
		<ClInclude Include="..\include\deemon\asm-table.h">
			<Filter>include</Filter>
		</ClInclude>
		<ClInclude Include="..\include\deemon\asm.h">
			<Filter>include</Filter>
		</ClInclude>
		<ClInclude Include="..\include\deemon\attribute.h">
			<Filter>include</Filter>
		</ClInclude>
		<ClInclude Include="..\include\deemon\bool.h">
			<Filter>include</Filter>
		</ClInclude>
		<ClInclude Include="..\include\deemon\bytes.h">
			<Filter>include</Filter>
		</ClInclude>
		<ClInclude Include="..\include\deemon\cached-dict.h">
			<Filter>include</Filter>
		</ClInclude>
		<ClInclude Include="..\include\deemon\callable.h">
			<Filter>include</Filter>
		</ClInclude>
		<ClInclude Include="..\include\deemon\cell.h">
			<Filter>include</Filter>
		</ClInclude>
		<ClInclude Include="..\include\deemon\class.h">
			<Filter>include</Filter>
		</ClInclude>
		<ClInclude Include="..\include\deemon\code.h">
			<Filter>include</Filter>
		</ClInclude>
		<ClInclude Include="..\include\deemon\compiler\assembler.h">
			<Filter>include\compiler</Filter>
		</ClInclude>
		<ClInclude Include="..\include\deemon\compiler\ast.h">
			<Filter>include\compiler</Filter>
		</ClInclude>
		<ClInclude Include="..\include\deemon\compiler\compiler.h">
			<Filter>include\compiler</Filter>
		</ClInclude>
		<ClInclude Include="..\include\deemon\compiler\dec.h">
			<Filter>include\compiler</Filter>
		</ClInclude>
		<ClInclude Include="..\include\deemon\compiler\doctext.h">
			<Filter>include\compiler</Filter>
		</ClInclude>
		<ClInclude Include="..\include\deemon\compiler\error.h">
			<Filter>include\compiler</Filter>
		</ClInclude>
		<ClInclude Include="..\include\deemon\compiler\interface.h">
			<Filter>include\compiler</Filter>
		</ClInclude>
		<ClInclude Include="..\include\deemon\compiler\lexer.h">
			<Filter>include\compiler</Filter>
		</ClInclude>
		<ClInclude Include="..\include\deemon\compiler\optimize.h">
			<Filter>include\compiler</Filter>
		</ClInclude>
		<ClInclude Include="..\include\deemon\compiler\symbol.h">
			<Filter>include\compiler</Filter>
		</ClInclude>
		<ClInclude Include="..\include\deemon\compiler\tpp.h">
			<Filter>include\compiler</Filter>
		</ClInclude>
		<ClInclude Include="..\include\deemon\compiler\traits.h">
			<Filter>include\compiler</Filter>
		</ClInclude>
		<ClInclude Include="..\include\deemon\cxx.h">
			<Filter>include</Filter>
		</ClInclude>
		<ClInclude Include="..\include\deemon\cxx\api.h">
			<Filter>include\cxx</Filter>
		</ClInclude>
		<ClInclude Include="..\include\deemon\cxx\bool.h">
			<Filter>include\cxx</Filter>
		</ClInclude>
		<ClInclude Include="..\include\deemon\cxx\bytes.h">
			<Filter>include\cxx</Filter>
		</ClInclude>
		<ClInclude Include="..\include\deemon\cxx\callable.h">
			<Filter>include\cxx</Filter>
		</ClInclude>
		<ClInclude Include="..\include\deemon\cxx\cell.h">
			<Filter>include\cxx</Filter>
		</ClInclude>
		<ClInclude Include="..\include\deemon\cxx\dict.h">
			<Filter>include\cxx</Filter>
		</ClInclude>
		<ClInclude Include="..\include\deemon\cxx\file.h">
			<Filter>include\cxx</Filter>
		</ClInclude>
		<ClInclude Include="..\include\deemon\cxx\float.h">
			<Filter>include\cxx</Filter>
		</ClInclude>
		<ClInclude Include="..\include\deemon\cxx\function.h">
			<Filter>include\cxx</Filter>
		</ClInclude>
		<ClInclude Include="..\include\deemon\cxx\hashset.h">
			<Filter>include\cxx</Filter>
		</ClInclude>
		<ClInclude Include="..\include\deemon\cxx\int.h">
			<Filter>include\cxx</Filter>
		</ClInclude>
		<ClInclude Include="..\include\deemon\cxx\iterator.h">
			<Filter>include\cxx</Filter>
		</ClInclude>
		<ClInclude Include="..\include\deemon\cxx\list.h">
			<Filter>include\cxx</Filter>
		</ClInclude>
		<ClInclude Include="..\include\deemon\cxx\mapping.h">
			<Filter>include\cxx</Filter>
		</ClInclude>
		<ClInclude Include="..\include\deemon\cxx\none.h">
			<Filter>include\cxx</Filter>
		</ClInclude>
		<ClInclude Include="..\include\deemon\cxx\numeric.h">
			<Filter>include\cxx</Filter>
		</ClInclude>
		<ClInclude Include="..\include\deemon\cxx\object.h">
			<Filter>include\cxx</Filter>
		</ClInclude>
		<ClInclude Include="..\include\deemon\cxx\sequence.h">
			<Filter>include\cxx</Filter>
		</ClInclude>
		<ClInclude Include="..\include\deemon\cxx\set.h">
			<Filter>include\cxx</Filter>
		</ClInclude>
		<ClInclude Include="..\include\deemon\cxx\string.h">
			<Filter>include\cxx</Filter>
		</ClInclude>
		<ClInclude Include="..\include\deemon\cxx\tuple.h">
			<Filter>include\cxx</Filter>
		</ClInclude>
		<ClInclude Include="..\include\deemon\cxx\type.h">
			<Filter>include\cxx</Filter>
		</ClInclude>
		<ClInclude Include="..\include\deemon\dec.h">
			<Filter>include</Filter>
		</ClInclude>
		<ClInclude Include="..\include\deemon\dex.h">
			<Filter>include</Filter>
		</ClInclude>
		<ClInclude Include="..\include\deemon\dict.h">
			<Filter>include</Filter>
		</ClInclude>
		<ClInclude Include="..\include\deemon\error.h">
			<Filter>include</Filter>
		</ClInclude>
		<ClInclude Include="..\include\deemon\error_types.h">
			<Filter>include</Filter>
		</ClInclude>
		<ClInclude Include="..\include\deemon\exec.h">
			<Filter>include</Filter>
		</ClInclude>
		<ClInclude Include="..\include\deemon\file.h">
			<Filter>include</Filter>
		</ClInclude>
		<ClInclude Include="..\include\deemon\filetypes.h">
			<Filter>include</Filter>
		</ClInclude>
		<ClInclude Include="..\include\deemon\float.h">
			<Filter>include</Filter>
		</ClInclude>
		<ClInclude Include="..\include\deemon\format.h">
			<Filter>include</Filter>
		</ClInclude>
		<ClInclude Include="..\include\deemon\gc.h">
			<Filter>include</Filter>
		</ClInclude>
		<ClInclude Include="..\include\deemon\hashset.h">
			<Filter>include</Filter>
		</ClInclude>
		<ClInclude Include="..\include\deemon\instancemethod.h">
			<Filter>include</Filter>
		</ClInclude>
		<ClInclude Include="..\include\deemon\int.h">
			<Filter>include</Filter>
		</ClInclude>
		<ClInclude Include="..\include\deemon\kos-headers\__stdcxx.h">
			<Filter>include\kos-headers</Filter>
		</ClInclude>
		<ClInclude Include="..\include\deemon\kos-headers\__stdinc.h">
			<Filter>include\kos-headers</Filter>
		</ClInclude>
		<ClInclude Include="..\include\deemon\kos-headers\compiler\c++.h">
			<Filter>include\kos-headers\compiler</Filter>
		</ClInclude>
		<ClInclude Include="..\include\deemon\kos-headers\compiler\c.h">
			<Filter>include\kos-headers\compiler</Filter>
		</ClInclude>
		<ClInclude Include="..\include\deemon\kos-headers\compiler\checker.h">
			<Filter>include\kos-headers\compiler</Filter>
		</ClInclude>
		<ClInclude Include="..\include\deemon\kos-headers\compiler\clang.h">
			<Filter>include\kos-headers\compiler</Filter>
		</ClInclude>
		<ClInclude Include="..\include\deemon\kos-headers\compiler\docgen.h">
			<Filter>include\kos-headers\compiler</Filter>
		</ClInclude>
		<ClInclude Include="..\include\deemon\kos-headers\compiler\gcc-builtins.h">
			<Filter>include\kos-headers\compiler</Filter>
		</ClInclude>
		<ClInclude Include="..\include\deemon\kos-headers\compiler\gcc-warnings.h">
			<Filter>include\kos-headers\compiler</Filter>
		</ClInclude>
		<ClInclude Include="..\include\deemon\kos-headers\compiler\gcc.h">
			<Filter>include\kos-headers\compiler</Filter>
		</ClInclude>
		<ClInclude Include="..\include\deemon\kos-headers\compiler\generic.h">
			<Filter>include\kos-headers\compiler</Filter>
		</ClInclude>
		<ClInclude Include="..\include\deemon\kos-headers\compiler\intellisense-common.h">
			<Filter>include\kos-headers\compiler</Filter>
		</ClInclude>
		<ClInclude Include="..\include\deemon\kos-headers\compiler\intellisense-gcc.h">
			<Filter>include\kos-headers\compiler</Filter>
		</ClInclude>
		<ClInclude Include="..\include\deemon\kos-headers\compiler\intellisense-msvc.h">
			<Filter>include\kos-headers\compiler</Filter>
		</ClInclude>
		<ClInclude Include="..\include\deemon\kos-headers\compiler\msvc.h">
			<Filter>include\kos-headers\compiler</Filter>
		</ClInclude>
		<ClInclude Include="..\include\deemon\kos-headers\compiler\other.h">
			<Filter>include\kos-headers\compiler</Filter>
		</ClInclude>
		<ClInclude Include="..\include\deemon\kos-headers\compiler\pp-generic.h">
			<Filter>include\kos-headers\compiler</Filter>
		</ClInclude>
		<ClInclude Include="..\include\deemon\kos-headers\hybrid\__alloca.h">
			<Filter>include\kos-headers\hybrid</Filter>
		</ClInclude>
		<ClInclude Include="..\include\deemon\kos-headers\hybrid\__altint.h">
			<Filter>include\kos-headers\hybrid</Filter>
		</ClInclude>
		<ClInclude Include="..\include\deemon\kos-headers\hybrid\__asm.h">
			<Filter>include\kos-headers\hybrid</Filter>
		</ClInclude>
		<ClInclude Include="..\include\deemon\kos-headers\hybrid\__assembly.h">
			<Filter>include\kos-headers\hybrid</Filter>
		</ClInclude>
		<ClInclude Include="..\include\deemon\kos-headers\hybrid\__assert.h">
			<Filter>include\kos-headers\hybrid</Filter>
		</ClInclude>
		<ClInclude Include="..\include\deemon\kos-headers\hybrid\__atomic-complete.h">
			<Filter>include\kos-headers\hybrid</Filter>
		</ClInclude>
		<ClInclude Include="..\include\deemon\kos-headers\hybrid\__atomic-gasm-x86.h">
			<Filter>include\kos-headers\hybrid</Filter>
		</ClInclude>
		<ClInclude Include="..\include\deemon\kos-headers\hybrid\__atomic-libatomic.h">
			<Filter>include\kos-headers\hybrid</Filter>
		</ClInclude>
		<ClInclude Include="..\include\deemon\kos-headers\hybrid\__atomic-msvc.h">
			<Filter>include\kos-headers\hybrid</Filter>
		</ClInclude>
		<ClInclude Include="..\include\deemon\kos-headers\hybrid\__atomic.h">
			<Filter>include\kos-headers\hybrid</Filter>
		</ClInclude>
		<ClInclude Include="..\include\deemon\kos-headers\hybrid\__bit.h">
			<Filter>include\kos-headers\hybrid</Filter>
		</ClInclude>
		<ClInclude Include="..\include\deemon\kos-headers\hybrid\__bitfield.h">
			<Filter>include\kos-headers\hybrid</Filter>
		</ClInclude>
		<ClInclude Include="..\include\deemon\kos-headers\hybrid\__bitset.h">
			<Filter>include\kos-headers\hybrid</Filter>
		</ClInclude>
		<ClInclude Include="..\include\deemon\kos-headers\hybrid\__byteswap.h">
			<Filter>include\kos-headers\hybrid</Filter>
		</ClInclude>
		<ClInclude Include="..\include\deemon\kos-headers\hybrid\__debug-alignment.h">
			<Filter>include\kos-headers\hybrid</Filter>
		</ClInclude>
		<ClInclude Include="..\include\deemon\kos-headers\hybrid\__minmax.h">
			<Filter>include\kos-headers\hybrid</Filter>
		</ClInclude>
		<ClInclude Include="..\include\deemon\kos-headers\hybrid\__overflow.h">
			<Filter>include\kos-headers\hybrid</Filter>
		</ClInclude>
		<ClInclude Include="..\include\deemon\kos-headers\hybrid\__pointer-cxx-impl.h">
			<Filter>include\kos-headers\hybrid</Filter>
		</ClInclude>
		<ClInclude Include="..\include\deemon\kos-headers\hybrid\__pointer.h">
			<Filter>include\kos-headers\hybrid</Filter>
		</ClInclude>
		<ClInclude Include="..\include\deemon\kos-headers\hybrid\__rotate.h">
			<Filter>include\kos-headers\hybrid</Filter>
		</ClInclude>
		<ClInclude Include="..\include\deemon\kos-headers\hybrid\__string.h">
			<Filter>include\kos-headers\hybrid</Filter>
		</ClInclude>
		<ClInclude Include="..\include\deemon\kos-headers\hybrid\__unaligned.h">
			<Filter>include\kos-headers\hybrid</Filter>
		</ClInclude>
		<ClInclude Include="..\include\deemon\kos-headers\hybrid\__va_size.h">
			<Filter>include\kos-headers\hybrid</Filter>
		</ClInclude>
		<ClInclude Include="..\include\deemon\kos-headers\hybrid\__wordbits.h">
			<Filter>include\kos-headers\hybrid</Filter>
		</ClInclude>
		<ClInclude Include="..\include\deemon\kos-headers\hybrid\align.h">
			<Filter>include\kos-headers\hybrid</Filter>
		</ClInclude>
		<ClInclude Include="..\include\deemon\kos-headers\hybrid\alloca.h">
			<Filter>include\kos-headers\hybrid</Filter>
		</ClInclude>
		<ClInclude Include="..\include\deemon\kos-headers\hybrid\altint.h">
			<Filter>include\kos-headers\hybrid</Filter>
		</ClInclude>
		<ClInclude Include="..\include\deemon\kos-headers\hybrid\atomic.h">
			<Filter>include\kos-headers\hybrid</Filter>
		</ClInclude>
		<ClInclude Include="..\include\deemon\kos-headers\hybrid\bit.h">
			<Filter>include\kos-headers\hybrid</Filter>
		</ClInclude>
		<ClInclude Include="..\include\deemon\kos-headers\hybrid\bitset.h">
			<Filter>include\kos-headers\hybrid</Filter>
		</ClInclude>
		<ClInclude Include="..\include\deemon\kos-headers\hybrid\byteorder.h">
			<Filter>include\kos-headers\hybrid</Filter>
		</ClInclude>
		<ClInclude Include="..\include\deemon\kos-headers\hybrid\byteswap.h">
			<Filter>include\kos-headers\hybrid</Filter>
		</ClInclude>
		<ClInclude Include="..\include\deemon\kos-headers\hybrid\compiler.h">
			<Filter>include\kos-headers\hybrid</Filter>
		</ClInclude>
		<ClInclude Include="..\include\deemon\kos-headers\hybrid\debug-alignment.h">
			<Filter>include\kos-headers\hybrid</Filter>
		</ClInclude>
		<ClInclude Include="..\include\deemon\kos-headers\hybrid\floatcore.h">
			<Filter>include\kos-headers\hybrid</Filter>
		</ClInclude>
		<ClInclude Include="..\include\deemon\kos-headers\hybrid\host.h">
			<Filter>include\kos-headers\hybrid</Filter>
		</ClInclude>
		<ClInclude Include="..\include\deemon\kos-headers\hybrid\int128.h">
			<Filter>include\kos-headers\hybrid</Filter>
		</ClInclude>
		<ClInclude Include="..\include\deemon\kos-headers\hybrid\limitcore.h">
			<Filter>include\kos-headers\hybrid</Filter>
		</ClInclude>
		<ClInclude Include="..\include\deemon\kos-headers\hybrid\minmax.h">
			<Filter>include\kos-headers\hybrid</Filter>
		</ClInclude>
		<ClInclude Include="..\include\deemon\kos-headers\hybrid\overflow.h">
			<Filter>include\kos-headers\hybrid</Filter>
		</ClInclude>
		<ClInclude Include="..\include\deemon\kos-headers\hybrid\pointer.h">
			<Filter>include\kos-headers\hybrid</Filter>
		</ClInclude>
		<ClInclude Include="..\include\deemon\kos-headers\hybrid\pp\__bubble.h">
			<Filter>include\kos-headers\hybrid\pp</Filter>
		</ClInclude>
		<ClInclude Include="..\include\deemon\kos-headers\hybrid\pp\__va_nargs.h">
			<Filter>include\kos-headers\hybrid\pp</Filter>
		</ClInclude>
		<ClInclude Include="..\include\deemon\kos-headers\hybrid\pp\bubble.h">
			<Filter>include\kos-headers\hybrid\pp</Filter>
		</ClInclude>
		<ClInclude Include="..\include\deemon\kos-headers\hybrid\sched\__gettid.h">
			<Filter>include\kos-headers\hybrid\sched</Filter>
		</ClInclude>
		<ClInclude Include="..\include\deemon\kos-headers\hybrid\sched\__preemption.h">
			<Filter>include\kos-headers\hybrid\sched</Filter>
		</ClInclude>
		<ClInclude Include="..\include\deemon\kos-headers\hybrid\sched\__yield.h">
			<Filter>include\kos-headers\hybrid\sched</Filter>
		</ClInclude>
		<ClInclude Include="..\include\deemon\kos-headers\hybrid\sched\atomic-lock.h">
			<Filter>include\kos-headers\hybrid\sched</Filter>
		</ClInclude>
		<ClInclude Include="..\include\deemon\kos-headers\hybrid\sched\atomic-once.h">
			<Filter>include\kos-headers\hybrid\sched</Filter>
		</ClInclude>
		<ClInclude Include="..\include\deemon\kos-headers\hybrid\sched\atomic-owner-rwlock.h">
			<Filter>include\kos-headers\hybrid\sched</Filter>
		</ClInclude>
		<ClInclude Include="..\include\deemon\kos-headers\hybrid\sched\atomic-rwlock.h">
			<Filter>include\kos-headers\hybrid\sched</Filter>
		</ClInclude>
		<ClInclude Include="..\include\deemon\kos-headers\hybrid\sched\preemption.h">
			<Filter>include\kos-headers\hybrid\sched</Filter>
		</ClInclude>
		<ClInclude Include="..\include\deemon\kos-headers\hybrid\sched\yield.h">
			<Filter>include\kos-headers\hybrid\sched</Filter>
		</ClInclude>
		<ClInclude Include="..\include\deemon\kos-headers\hybrid\sequence\bitset.h">
			<Filter>include\kos-headers\hybrid\sequence</Filter>
		</ClInclude>
		<ClInclude Include="..\include\deemon\kos-headers\hybrid\sequence\bsearch.h">
			<Filter>include\kos-headers\hybrid\sequence</Filter>
		</ClInclude>
		<ClInclude Include="..\include\deemon\kos-headers\hybrid\sequence\list.h">
			<Filter>include\kos-headers\hybrid\sequence</Filter>
		</ClInclude>
		<ClInclude Include="..\include\deemon\kos-headers\hybrid\sequence\rbtree-abi.h">
			<Filter>include\kos-headers\hybrid\sequence</Filter>
		</ClInclude>
		<ClInclude Include="..\include\deemon\kos-headers\hybrid\sequence\rbtree.h">
			<Filter>include\kos-headers\hybrid\sequence</Filter>
		</ClInclude>
		<ClInclude Include="..\include\deemon\kos-headers\hybrid\sequence\vector.h">
			<Filter>include\kos-headers\hybrid\sequence</Filter>
		</ClInclude>
		<ClInclude Include="..\include\deemon\kos-headers\hybrid\spcall.h">
			<Filter>include\kos-headers\hybrid</Filter>
		</ClInclude>
		<ClInclude Include="..\include\deemon\kos-headers\hybrid\sync\atomic-lock.h">
			<Filter>include\kos-headers\hybrid\sync</Filter>
		</ClInclude>
		<ClInclude Include="..\include\deemon\kos-headers\hybrid\sync\atomic-once.h">
			<Filter>include\kos-headers\hybrid\sync</Filter>
		</ClInclude>
		<ClInclude Include="..\include\deemon\kos-headers\hybrid\sync\atomic-owner-rwlock.h">
			<Filter>include\kos-headers\hybrid\sync</Filter>
		</ClInclude>
		<ClInclude Include="..\include\deemon\kos-headers\hybrid\sync\atomic-rwlock.h">
			<Filter>include\kos-headers\hybrid\sync</Filter>
		</ClInclude>
		<ClInclude Include="..\include\deemon\kos-headers\hybrid\typecore.h">
			<Filter>include\kos-headers\hybrid</Filter>
		</ClInclude>
		<ClInclude Include="..\include\deemon\kos-headers\hybrid\unaligned.h">
			<Filter>include\kos-headers\hybrid</Filter>
		</ClInclude>
		<ClInclude Include="..\include\deemon\kos-headers\hybrid\wordbits.h">
			<Filter>include\kos-headers\hybrid</Filter>
		</ClInclude>
		<ClInclude Include="..\include\deemon\kwds.h">
			<Filter>include</Filter>
		</ClInclude>
		<ClInclude Include="..\include\deemon\list.h">
			<Filter>include</Filter>
		</ClInclude>
		<ClInclude Include="..\include\deemon\map.h">
			<Filter>include</Filter>
		</ClInclude>
		<ClInclude Include="..\include\deemon\mapfile.h">
			<Filter>include</Filter>
		</ClInclude>
		<ClInclude Include="..\include\deemon\module.h">
			<Filter>include</Filter>
		</ClInclude>
		<ClInclude Include="..\include\deemon\mro.h">
			<Filter>include</Filter>
		</ClInclude>
		<ClInclude Include="..\include\deemon\none.h">
			<Filter>include</Filter>
		</ClInclude>
		<ClInclude Include="..\include\deemon\notify.h">
			<Filter>include</Filter>
		</ClInclude>
		<ClInclude Include="..\include\deemon\numeric.h">
			<Filter>include</Filter>
		</ClInclude>
		<ClInclude Include="..\include\deemon\object.h">
			<Filter>include</Filter>
		</ClInclude>
		<ClInclude Include="..\include\deemon\objmethod.h">
			<Filter>include</Filter>
		</ClInclude>
		<ClInclude Include="..\include\deemon\property.h">
			<Filter>include</Filter>
		</ClInclude>
		<ClInclude Include="..\include\deemon\regex.h">
			<Filter>include</Filter>
		</ClInclude>
		<ClInclude Include="..\include\deemon\rodict.h">
			<Filter>include</Filter>
		</ClInclude>
		<ClInclude Include="..\include\deemon\roset.h">
			<Filter>include</Filter>
		</ClInclude>
		<ClInclude Include="..\include\deemon\seq.h">
			<Filter>include</Filter>
		</ClInclude>
		<ClInclude Include="..\include\deemon\set.h">
			<Filter>include</Filter>
		</ClInclude>
		<ClInclude Include="..\include\deemon\string.h">
			<Filter>include</Filter>
		</ClInclude>
		<ClInclude Include="..\include\deemon\stringutils.h">
			<Filter>include</Filter>
		</ClInclude>
		<ClInclude Include="..\include\deemon\super.h">
			<Filter>include</Filter>
		</ClInclude>
		<ClInclude Include="..\include\deemon\system-error.h">
			<Filter>include</Filter>
		</ClInclude>
		<ClInclude Include="..\include\deemon\system-features.h">
			<Filter>include</Filter>
		</ClInclude>
		<ClInclude Include="..\include\deemon\system-sjlj.h">
			<Filter>include</Filter>
		</ClInclude>
		<ClInclude Include="..\include\deemon\system.h">
			<Filter>include</Filter>
		</ClInclude>
		<ClInclude Include="..\include\deemon\thread.h">
			<Filter>include</Filter>
		</ClInclude>
		<ClInclude Include="..\include\deemon\traceback.h">
			<Filter>include</Filter>
		</ClInclude>
		<ClInclude Include="..\include\deemon\tuple.h">
			<Filter>include</Filter>
		</ClInclude>
		<ClInclude Include="..\include\deemon\util\atomic.h">
			<Filter>include\util</Filter>
		</ClInclude>
		<ClInclude Include="..\include\deemon\util\bytewriter.h">
			<Filter>include\util</Filter>
		</ClInclude>
		<ClInclude Include="..\include\deemon\util\cache.h">
			<Filter>include\util</Filter>
		</ClInclude>
		<ClInclude Include="..\include\deemon\util\futex.h">
			<Filter>include\util</Filter>
		</ClInclude>
		<ClInclude Include="..\include\deemon\util\kos-compat.h">
			<Filter>include\util</Filter>
		</ClInclude>
		<ClInclude Include="..\include\deemon\util\lock-utils.h">
			<Filter>include\util</Filter>
		</ClInclude>
		<ClInclude Include="..\include\deemon\util\lock.h">
			<Filter>include\util</Filter>
		</ClInclude>
		<ClInclude Include="..\include\deemon\util\objectlist.h">
			<Filter>include\util</Filter>
		</ClInclude>
		<ClInclude Include="..\include\deemon\util\once.h">
			<Filter>include\util</Filter>
		</ClInclude>
		<ClInclude Include="..\include\deemon\util\rlock-utils.h">
			<Filter>include\util</Filter>
		</ClInclude>
		<ClInclude Include="..\include\deemon\util\rlock.h">
			<Filter>include\util</Filter>
		</ClInclude>
		<ClInclude Include="..\include\deemon\weakref.h">
			<Filter>include</Filter>
		</ClInclude>
		<ClInclude Include="..\src\deemon\Makefile">
			<Filter>src</Filter>
		</ClInclude>
		<ClInclude Include="..\src\deemon\cmdline.h">
			<Filter>src</Filter>
		</ClInclude>
		<ClInclude Include="..\src\deemon\compiler\asm\genasm-yield.c.inl">
			<Filter>src\compiler\asm</Filter>
		</ClInclude>
		<ClInclude Include="..\src\deemon\compiler\asm\genstore-setup.c.inl">
			<Filter>src\compiler\asm</Filter>
		</ClInclude>
		<ClInclude Include="..\src\deemon\compiler\lexer\decl-escape-text-impl.c.inl">
			<Filter>src\compiler\lexer</Filter>
		</ClInclude>
		<ClInclude Include="..\src\deemon\execute\code-exec.c.inl">
			<Filter>src\execute</Filter>
		</ClInclude>
		<ClInclude Include="..\src\deemon\execute\code-invoke-kw.c.inl">
			<Filter>src\execute</Filter>
		</ClInclude>
		<ClInclude Include="..\src\deemon\execute\code-invoke.c.inl">
			<Filter>src\execute</Filter>
		</ClInclude>
		<ClInclude Include="..\src\deemon\execute\function-wrappers.h">
			<Filter>src\execute</Filter>
		</ClInclude>
		<ClInclude Include="..\src\deemon\objects\file-operator.c.inl">
			<Filter>src\objects</Filter>
		</ClInclude>
		<ClInclude Include="..\src\deemon\objects\file-type-operators.h">
			<Filter>src\objects</Filter>
		</ClInclude>
		<ClInclude Include="..\src\deemon\objects\float-parse.c.inl">
			<Filter>src\objects</Filter>
		</ClInclude>
		<ClInclude Include="..\src\deemon\objects\float-print.c.inl">
			<Filter>src\objects</Filter>
		</ClInclude>
		<ClInclude Include="..\src\deemon\objects\gc_inspect.h">
			<Filter>src\objects</Filter>
		</ClInclude>
		<ClInclude Include="..\src\deemon\objects\int-8bit.h">
			<Filter>src\objects</Filter>
		</ClInclude>
		<ClInclude Include="..\src\deemon\objects\int_logic.h">
			<Filter>src\objects</Filter>
		</ClInclude>
		<ClInclude Include="..\src\deemon\objects\seq\bsearch-impl.c.inl">
			<Filter>src\objects\seq</Filter>
		</ClInclude>
		<ClInclude Include="..\src\deemon\objects\seq\bsearch.c.inl">
			<Filter>src\objects\seq</Filter>
		</ClInclude>
		<ClInclude Include="..\src\deemon\objects\seq\bsearch.h">
			<Filter>src\objects\seq</Filter>
		</ClInclude>
		<ClInclude Include="..\src\deemon\objects\seq\byattr.h">
			<Filter>src\objects\seq</Filter>
		</ClInclude>
		<ClInclude Include="..\src\deemon\objects\seq\combinations.h">
			<Filter>src\objects\seq</Filter>
		</ClInclude>
		<ClInclude Include="..\src\deemon\objects\seq\concat.h">
			<Filter>src\objects\seq</Filter>
		</ClInclude>
		<ClInclude Include="..\src\deemon\objects\seq\default-api-require-impl.c.inl">
			<Filter>src\objects\seq</Filter>
		</ClInclude>
		<ClInclude Include="..\src\deemon\objects\seq\default-api.h">
			<Filter>src\objects\seq</Filter>
		</ClInclude>
		<ClInclude Include="..\src\deemon\objects\seq\default-compare-impl.c.inl">
			<Filter>src\objects\seq</Filter>
		</ClInclude>
		<ClInclude Include="..\src\deemon\objects\seq\default-compare.h">
			<Filter>src\objects\seq</Filter>
		</ClInclude>
		<ClInclude Include="..\src\deemon\objects\seq\default-iterators.h">
			<Filter>src\objects\seq</Filter>
		</ClInclude>
		<ClInclude Include="..\src\deemon\objects\seq\default-sequences.h">
			<Filter>src\objects\seq</Filter>
		</ClInclude>
		<ClInclude Include="..\src\deemon\objects\seq\each-fastpass.c.inl">
			<Filter>src\objects\seq</Filter>
		</ClInclude>
		<ClInclude Include="..\src\deemon\objects\seq\each.h">
			<Filter>src\objects\seq</Filter>
		</ClInclude>
		<ClInclude Include="..\src\deemon\objects\seq\filter.h">
			<Filter>src\objects\seq</Filter>
		</ClInclude>
		<ClInclude Include="..\src\deemon\objects\seq\hashfilter.h">
			<Filter>src\objects\seq</Filter>
		</ClInclude>
		<ClInclude Include="..\src\deemon\objects\seq\locateall.h">
			<Filter>src\objects\seq</Filter>
		</ClInclude>
		<ClInclude Include="..\src\deemon\objects\seq\range.h">
			<Filter>src\objects\seq</Filter>
		</ClInclude>
		<ClInclude Include="..\src\deemon\objects\seq\repeat.h">
			<Filter>src\objects\seq</Filter>
		</ClInclude>
		<ClInclude Include="..\src\deemon\objects\seq\reversed.h">
			<Filter>src\objects\seq</Filter>
		</ClInclude>
		<ClInclude Include="..\src\deemon\objects\seq\segments.h">
			<Filter>src\objects\seq</Filter>
		</ClInclude>
		<ClInclude Include="..\src\deemon\objects\seq\set.h">
			<Filter>src\objects\seq</Filter>
		</ClInclude>
		<ClInclude Include="..\src\deemon\objects\seq\simpleproxy.h">
			<Filter>src\objects\seq</Filter>
		</ClInclude>
		<ClInclude Include="..\src\deemon\objects\seq\smap.h">
			<Filter>src\objects\seq</Filter>
		</ClInclude>
		<ClInclude Include="..\src\deemon\objects\seq\sort.h">
			<Filter>src\objects\seq</Filter>
		</ClInclude>
		<ClInclude Include="..\src\deemon\objects\seq\subrange.h">
			<Filter>src\objects\seq</Filter>
		</ClInclude>
		<ClInclude Include="..\src\deemon\objects\seq\svec.h">
			<Filter>src\objects\seq</Filter>
		</ClInclude>
		<ClInclude Include="..\src\deemon\objects\seq\transform.h">
			<Filter>src\objects\seq</Filter>
		</ClInclude>
		<ClInclude Include="..\src\deemon\objects\seq\typemro.h">
			<Filter>src\objects\seq</Filter>
		</ClInclude>
		<ClInclude Include="..\src\deemon\objects\seq_functions.h">
			<Filter>src\objects</Filter>
		</ClInclude>
		<ClInclude Include="..\src\deemon\objects\type-operators.h">
			<Filter>src\objects</Filter>
		</ClInclude>
		<ClInclude Include="..\src\deemon\objects\unicode\bytes_finder.c.inl">
			<Filter>src\objects\unicode</Filter>
		</ClInclude>
		<ClInclude Include="..\src\deemon\objects\unicode\bytes_functions-strip.c.inl">
			<Filter>src\objects\unicode</Filter>
		</ClInclude>
		<ClInclude Include="..\src\deemon\objects\unicode\bytes_functions.c.inl">
			<Filter>src\objects\unicode</Filter>
		</ClInclude>
		<ClInclude Include="..\src\deemon\objects\unicode\bytes_segments.c.inl">
			<Filter>src\objects\unicode</Filter>
		</ClInclude>
		<ClInclude Include="..\src\deemon\objects\unicode\bytes_split.c.inl">
			<Filter>src\objects\unicode</Filter>
		</ClInclude>
		<ClInclude Include="..\src\deemon\objects\unicode\codec.h">
			<Filter>src\objects\unicode</Filter>
		</ClInclude>
		<ClInclude Include="..\src\deemon\objects\unicode\finder.c.inl">
			<Filter>src\objects\unicode</Filter>
		</ClInclude>
		<ClInclude Include="..\src\deemon\objects\unicode\ordinals.c.inl">
			<Filter>src\objects\unicode</Filter>
		</ClInclude>
		<ClInclude Include="..\src\deemon\objects\unicode\regroups.h">
			<Filter>src\objects\unicode</Filter>
		</ClInclude>
		<ClInclude Include="..\src\deemon\objects\unicode\reproxy.c.inl">
			<Filter>src\objects\unicode</Filter>
		</ClInclude>
		<ClInclude Include="..\src\deemon\objects\unicode\segments.c.inl">
			<Filter>src\objects\unicode</Filter>
		</ClInclude>
		<ClInclude Include="..\src\deemon\objects\unicode\split.c.inl">
			<Filter>src\objects\unicode</Filter>
		</ClInclude>
		<ClInclude Include="..\src\deemon\objects\unicode\string_functions-strip.c.inl">
			<Filter>src\objects\unicode</Filter>
		</ClInclude>
		<ClInclude Include="..\src\deemon\objects\unicode\string_functions.h">
			<Filter>src\objects\unicode</Filter>
		</ClInclude>
		<ClInclude Include="..\src\deemon\objects\unicode\wildcompare.c.inl">
			<Filter>src\objects\unicode</Filter>
		</ClInclude>
		<ClInclude Include="..\src\deemon\runtime\attribute-access-generic.c.inl">
			<Filter>src\runtime</Filter>
		</ClInclude>
		<ClInclude Include="..\src\deemon\runtime\attribute-access-object.c.inl">
			<Filter>src\runtime</Filter>
		</ClInclude>
		<ClInclude Include="..\src\deemon\runtime\attribute-access-type-instance.c.inl">
			<Filter>src\runtime</Filter>
		</ClInclude>
		<ClInclude Include="..\src\deemon\runtime\attribute-access-type.c.inl">
			<Filter>src\runtime</Filter>
		</ClInclude>
		<ClInclude Include="..\src\deemon\runtime\builtin.h">
			<Filter>src\runtime</Filter>
		</ClInclude>
		<ClInclude Include="..\src\deemon\runtime\mro-impl-cache.c.inl">
			<Filter>src\runtime</Filter>
		</ClInclude>
		<ClInclude Include="..\src\deemon\runtime\mro-impl.c.inl">
			<Filter>src\runtime</Filter>
		</ClInclude>
		<ClInclude Include="..\src\deemon\runtime\runtime_error.h">
			<Filter>src\runtime</Filter>
		</ClInclude>
		<ClInclude Include="..\src\deemon\runtime\slab-impl.c.inl">
			<Filter>src\runtime</Filter>
		</ClInclude>
		<ClInclude Include="..\src\deemon\runtime\slab.c.inl">
			<Filter>src\runtime</Filter>
		</ClInclude>
		<ClInclude Include="..\src\deemon\runtime\strings.h">
			<Filter>src\runtime</Filter>
		</ClInclude>
		<ClInclude Include="..\src\deemon\system\futex-controller-new.c.inl">
			<Filter>src\system</Filter>
		</ClInclude>
		<ClInclude Include="..\src\deemon\system\futex-wait.c.inl">
			<Filter>src\system</Filter>
		</ClInclude>
		<ClInclude Include="..\src\deemon\system\futex-wake.c.inl">
			<Filter>src\system</Filter>
		</ClInclude>
		<ClInclude Include="..\src\deemon\system\system-nt.c.inl">
			<Filter>src\system</Filter>
		</ClInclude>
		<ClInclude Include="..\src\deemon\system\system-unix.c.inl">
			<Filter>src\system</Filter>
		</ClInclude>
	</ItemGroup>
	<ItemGroup>
		<ClCompile Include="..\src\deemon\cmdline.c">
			<Filter>src</Filter>
		</ClCompile>
		<ClCompile Include="..\src\deemon\compiler\asm\assembler.c">
			<Filter>src\compiler\asm</Filter>
		</ClCompile>
		<ClCompile Include="..\src\deemon\compiler\asm\directives.c">
			<Filter>src\compiler\asm</Filter>
		</ClCompile>
		<ClCompile Include="..\src\deemon\compiler\asm\genasm.c">
			<Filter>src\compiler\asm</Filter>
		</ClCompile>
		<ClCompile Include="..\src\deemon\compiler\asm\genassert.c">
			<Filter>src\compiler\asm</Filter>
		</ClCompile>
		<ClCompile Include="..\src\deemon\compiler\asm\gencall.c">
			<Filter>src\compiler\asm</Filter>
		</ClCompile>
		<ClCompile Include="..\src\deemon\compiler\asm\genclass.c">
			<Filter>src\compiler\asm</Filter>
		</ClCompile>
		<ClCompile Include="..\src\deemon\compiler\asm\genfaster.c">
			<Filter>src\compiler\asm</Filter>
		</ClCompile>
		<ClCompile Include="..\src\deemon\compiler\asm\genfunction.c">
			<Filter>src\compiler\asm</Filter>
		</ClCompile>
		<ClCompile Include="..\src\deemon\compiler\asm\geninplace.c">
			<Filter>src\compiler\asm</Filter>
		</ClCompile>
		<ClCompile Include="..\src\deemon\compiler\asm\genloop.c">
			<Filter>src\compiler\asm</Filter>
		</ClCompile>
		<ClCompile Include="..\src\deemon\compiler\asm\genoperator_func.c">
			<Filter>src\compiler\asm</Filter>
		</ClCompile>
		<ClCompile Include="..\src\deemon\compiler\asm\genprint.c">
			<Filter>src\compiler\asm</Filter>
		</ClCompile>
		<ClCompile Include="..\src\deemon\compiler\asm\genstore.c">
			<Filter>src\compiler\asm</Filter>
		</ClCompile>
		<ClCompile Include="..\src\deemon\compiler\asm\genswitch.c">
			<Filter>src\compiler\asm</Filter>
		</ClCompile>
		<ClCompile Include="..\src\deemon\compiler\asm\gentry.c">
			<Filter>src\compiler\asm</Filter>
		</ClCompile>
		<ClCompile Include="..\src\deemon\compiler\asm\modgen.c">
			<Filter>src\compiler\asm</Filter>
		</ClCompile>
		<ClCompile Include="..\src\deemon\compiler\asm\parseasm.c">
			<Filter>src\compiler\asm</Filter>
		</ClCompile>
		<ClCompile Include="..\src\deemon\compiler\asm\peephole.c">
			<Filter>src\compiler\asm</Filter>
		</ClCompile>
		<ClCompile Include="..\src\deemon\compiler\asm\scope.c">
			<Filter>src\compiler\asm</Filter>
		</ClCompile>
		<ClCompile Include="..\src\deemon\compiler\asm\userasm.c">
			<Filter>src\compiler\asm</Filter>
		</ClCompile>
		<ClCompile Include="..\src\deemon\compiler\asm\userdb.c">
			<Filter>src\compiler\asm</Filter>
		</ClCompile>
		<ClCompile Include="..\src\deemon\compiler\asm\util.c">
			<Filter>src\compiler\asm</Filter>
		</ClCompile>
		<ClCompile Include="..\src\deemon\compiler\ast.c">
			<Filter>src\compiler</Filter>
		</ClCompile>
		<ClCompile Include="..\src\deemon\compiler\compiler.c">
			<Filter>src\compiler</Filter>
		</ClCompile>
		<ClCompile Include="..\src\deemon\compiler\ddi.c">
			<Filter>src\compiler</Filter>
		</ClCompile>
		<ClCompile Include="..\src\deemon\compiler\dec.c">
			<Filter>src\compiler</Filter>
		</ClCompile>
		<ClCompile Include="..\src\deemon\compiler\error.c">
			<Filter>src\compiler</Filter>
		</ClCompile>
		<ClCompile Include="..\src\deemon\compiler\gendec.c">
			<Filter>src\compiler</Filter>
		</ClCompile>
		<ClCompile Include="..\src\deemon\compiler\instrlen.c">
			<Filter>src\compiler</Filter>
		</ClCompile>
		<ClCompile Include="..\src\deemon\compiler\interface\core.c">
			<Filter>src\compiler\interface</Filter>
		</ClCompile>
		<ClCompile Include="..\src\deemon\compiler\interface\iast.c">
			<Filter>src\compiler\interface</Filter>
		</ClCompile>
		<ClCompile Include="..\src\deemon\compiler\interface\icompiler.c">
			<Filter>src\compiler\interface</Filter>
		</ClCompile>
		<ClCompile Include="..\src\deemon\compiler\interface\ilexer.c">
			<Filter>src\compiler\interface</Filter>
		</ClCompile>
		<ClCompile Include="..\src\deemon\compiler\interface\iparser.c">
			<Filter>src\compiler\interface</Filter>
		</ClCompile>
		<ClCompile Include="..\src\deemon\compiler\interface\iscope.c">
			<Filter>src\compiler\interface</Filter>
		</ClCompile>
		<ClCompile Include="..\src\deemon\compiler\interface\isymbol.c">
			<Filter>src\compiler\interface</Filter>
		</ClCompile>
		<ClCompile Include="..\src\deemon\compiler\lexer\asm.c">
			<Filter>src\compiler\lexer</Filter>
		</ClCompile>
		<ClCompile Include="..\src\deemon\compiler\lexer\assert.c">
			<Filter>src\compiler\lexer</Filter>
		</ClCompile>
		<ClCompile Include="..\src\deemon\compiler\lexer\brace.c">
			<Filter>src\compiler\lexer</Filter>
		</ClCompile>
		<ClCompile Include="..\src\deemon\compiler\lexer\cast.c">
			<Filter>src\compiler\lexer</Filter>
		</ClCompile>
		<ClCompile Include="..\src\deemon\compiler\lexer\class.c">
			<Filter>src\compiler\lexer</Filter>
		</ClCompile>
		<ClCompile Include="..\src\deemon\compiler\lexer\comma.c">
			<Filter>src\compiler\lexer</Filter>
		</ClCompile>
		<ClCompile Include="..\src\deemon\compiler\lexer\decl.c">
			<Filter>src\compiler\lexer</Filter>
		</ClCompile>
		<ClCompile Include="..\src\deemon\compiler\lexer\del.c">
			<Filter>src\compiler\lexer</Filter>
		</ClCompile>
		<ClCompile Include="..\src\deemon\compiler\lexer\doctext.c">
			<Filter>src\compiler\lexer</Filter>
		</ClCompile>
		<ClCompile Include="..\src\deemon\compiler\lexer\expression.c">
			<Filter>src\compiler\lexer</Filter>
		</ClCompile>
		<ClCompile Include="..\src\deemon\compiler\lexer\function.c">
			<Filter>src\compiler\lexer</Filter>
		</ClCompile>
		<ClCompile Include="..\src\deemon\compiler\lexer\hybrid.c">
			<Filter>src\compiler\lexer</Filter>
		</ClCompile>
		<ClCompile Include="..\src\deemon\compiler\lexer\import.c">
			<Filter>src\compiler\lexer</Filter>
		</ClCompile>
		<ClCompile Include="..\src\deemon\compiler\lexer\kwlabel.c">
			<Filter>src\compiler\lexer</Filter>
		</ClCompile>
		<ClCompile Include="..\src\deemon\compiler\lexer\loopexpr.c">
			<Filter>src\compiler\lexer</Filter>
		</ClCompile>
		<ClCompile Include="..\src\deemon\compiler\lexer\operator.c">
			<Filter>src\compiler\lexer</Filter>
		</ClCompile>
		<ClCompile Include="..\src\deemon\compiler\lexer\statement.c">
			<Filter>src\compiler\lexer</Filter>
		</ClCompile>
		<ClCompile Include="..\src\deemon\compiler\lexer\tag.c">
			<Filter>src\compiler\lexer</Filter>
		</ClCompile>
		<ClCompile Include="..\src\deemon\compiler\lexer\template-string.c">
			<Filter>src\compiler\lexer</Filter>
		</ClCompile>
		<ClCompile Include="..\src\deemon\compiler\lexer\try.c">
			<Filter>src\compiler\lexer</Filter>
		</ClCompile>
		<ClCompile Include="..\src\deemon\compiler\lexer\with.c">
			<Filter>src\compiler\lexer</Filter>
		</ClCompile>
		<ClCompile Include="..\src\deemon\compiler\optimize\assign.c">
			<Filter>src\compiler\optimize</Filter>
		</ClCompile>
		<ClCompile Include="..\src\deemon\compiler\optimize\assumes.c">
			<Filter>src\compiler\optimize</Filter>
		</ClCompile>
		<ClCompile Include="..\src\deemon\compiler\optimize\constant_traits.c">
			<Filter>src\compiler\optimize</Filter>
		</ClCompile>
		<ClCompile Include="..\src\deemon\compiler\optimize\opt_action.c">
			<Filter>src\compiler\optimize</Filter>
		</ClCompile>
		<ClCompile Include="..\src\deemon\compiler\optimize\opt_class.c">
			<Filter>src\compiler\optimize</Filter>
		</ClCompile>
		<ClCompile Include="..\src\deemon\compiler\optimize\opt_conditional.c">
			<Filter>src\compiler\optimize</Filter>
		</ClCompile>
		<ClCompile Include="..\src\deemon\compiler\optimize\opt_loop.c">
			<Filter>src\compiler\optimize</Filter>
		</ClCompile>
		<ClCompile Include="..\src\deemon\compiler\optimize\opt_multiple.c">
			<Filter>src\compiler\optimize</Filter>
		</ClCompile>
		<ClCompile Include="..\src\deemon\compiler\optimize\opt_operator.c">
			<Filter>src\compiler\optimize</Filter>
		</ClCompile>
		<ClCompile Include="..\src\deemon\compiler\optimize\opt_switch.c">
			<Filter>src\compiler\optimize</Filter>
		</ClCompile>
		<ClCompile Include="..\src\deemon\compiler\optimize\opt_symbol.c">
			<Filter>src\compiler\optimize</Filter>
		</ClCompile>
		<ClCompile Include="..\src\deemon\compiler\optimize\opt_try.c">
			<Filter>src\compiler\optimize</Filter>
		</ClCompile>
		<ClCompile Include="..\src\deemon\compiler\optimize\optimize.c">
			<Filter>src\compiler\optimize</Filter>
		</ClCompile>
		<ClCompile Include="..\src\deemon\compiler\optimize\traits.c">
			<Filter>src\compiler\optimize</Filter>
		</ClCompile>
		<ClCompile Include="..\src\deemon\compiler\symbol.c">
			<Filter>src\compiler</Filter>
		</ClCompile>
		<ClCompile Include="..\src\deemon\compiler\tpp.c">
			<Filter>src\compiler</Filter>
		</ClCompile>
		<ClCompile Include="..\src\deemon\compiler\traits.c">
			<Filter>src\compiler</Filter>
		</ClCompile>
		<ClCompile Include="..\src\deemon\execute\code.c">
			<Filter>src\execute</Filter>
		</ClCompile>
		<ClCompile Include="..\src\deemon\execute\ddi.c">
			<Filter>src\execute</Filter>
		</ClCompile>
		<ClCompile Include="..\src\deemon\execute\dec.c">
			<Filter>src\execute</Filter>
		</ClCompile>
		<ClCompile Include="..\src\deemon\execute\dex.c">
			<Filter>src\execute</Filter>
		</ClCompile>
		<ClCompile Include="..\src\deemon\execute\exec.c">
			<Filter>src\execute</Filter>
		</ClCompile>
		<ClCompile Include="..\src\deemon\execute\function-wrappers.c">
			<Filter>src\execute</Filter>
		</ClCompile>
		<ClCompile Include="..\src\deemon\execute\function.c">
			<Filter>src\execute</Filter>
		</ClCompile>
		<ClCompile Include="..\src\deemon\execute\interactive-module.c">
			<Filter>src\execute</Filter>
		</ClCompile>
		<ClCompile Include="..\src\deemon\execute\modpath.c">
			<Filter>src\execute</Filter>
		</ClCompile>
		<ClCompile Include="..\src\deemon\execute\module.c">
			<Filter>src\execute</Filter>
		</ClCompile>
		<ClCompile Include="..\src\deemon\execute\module_globals.c">
			<Filter>src\execute</Filter>
		</ClCompile>
		<ClCompile Include="..\src\deemon\main.c">
			<Filter>src</Filter>
		</ClCompile>
		<ClCompile Include="..\src\deemon\objects\attribute.c">
			<Filter>src\objects</Filter>
		</ClCompile>
		<ClCompile Include="..\src\deemon\objects\bool.c">
			<Filter>src\objects</Filter>
		</ClCompile>
		<ClCompile Include="..\src\deemon\objects\bytes.c">
			<Filter>src\objects</Filter>
		</ClCompile>
		<ClCompile Include="..\src\deemon\objects\cached-dict.c">
			<Filter>src\objects</Filter>
		</ClCompile>
		<ClCompile Include="..\src\deemon\objects\callable.c">
			<Filter>src\objects</Filter>
		</ClCompile>
		<ClCompile Include="..\src\deemon\objects\cell.c">
			<Filter>src\objects</Filter>
		</ClCompile>
		<ClCompile Include="..\src\deemon\objects\class.c">
			<Filter>src\objects</Filter>
		</ClCompile>
		<ClCompile Include="..\src\deemon\objects\class_desc.c">
			<Filter>src\objects</Filter>
		</ClCompile>
		<ClCompile Include="..\src\deemon\objects\dict.c">
			<Filter>src\objects</Filter>
		</ClCompile>
		<ClCompile Include="..\src\deemon\objects\dictproxy.c">
			<Filter>src\objects</Filter>
		</ClCompile>
		<ClCompile Include="..\src\deemon\objects\error_types.c">
			<Filter>src\objects</Filter>
		</ClCompile>
		<ClCompile Include="..\src\deemon\objects\file-type-operators.c">
			<Filter>src\objects</Filter>
		</ClCompile>
		<ClCompile Include="..\src\deemon\objects\file.c">
			<Filter>src\objects</Filter>
		</ClCompile>
		<ClCompile Include="..\src\deemon\objects\filebuffer.c">
			<Filter>src\objects</Filter>
		</ClCompile>
		<ClCompile Include="..\src\deemon\objects\filetypes.c">
			<Filter>src\objects</Filter>
		</ClCompile>
		<ClCompile Include="..\src\deemon\objects\float.c">
			<Filter>src\objects</Filter>
		</ClCompile>
		<ClCompile Include="..\src\deemon\objects\frame.c">
			<Filter>src\objects</Filter>
		</ClCompile>
		<ClCompile Include="..\src\deemon\objects\gc_inspect.c">
			<Filter>src\objects</Filter>
		</ClCompile>
		<ClCompile Include="..\src\deemon\objects\hashset.c">
			<Filter>src\objects</Filter>
		</ClCompile>
		<ClCompile Include="..\src\deemon\objects\instancemethod.c">
			<Filter>src\objects</Filter>
		</ClCompile>
		<ClCompile Include="..\src\deemon\objects\int.c">
			<Filter>src\objects</Filter>
		</ClCompile>
		<ClCompile Include="..\src\deemon\objects\int_logic.c">
			<Filter>src\objects</Filter>
		</ClCompile>
		<ClCompile Include="..\src\deemon\objects\iterator.c">
			<Filter>src\objects</Filter>
		</ClCompile>
		<ClCompile Include="..\src\deemon\objects\list.c">
			<Filter>src\objects</Filter>
		</ClCompile>
		<ClCompile Include="..\src\deemon\objects\map.c">
			<Filter>src\objects</Filter>
		</ClCompile>
		<ClCompile Include="..\src\deemon\objects\none.c">
			<Filter>src\objects</Filter>
		</ClCompile>
		<ClCompile Include="..\src\deemon\objects\numeric.c">
			<Filter>src\objects</Filter>
		</ClCompile>
		<ClCompile Include="..\src\deemon\objects\object.c">
			<Filter>src\objects</Filter>
		</ClCompile>
		<ClCompile Include="..\src\deemon\objects\object_format.c">
			<Filter>src\objects</Filter>
		</ClCompile>
		<ClCompile Include="..\src\deemon\objects\objmethod.c">
			<Filter>src\objects</Filter>
		</ClCompile>
		<ClCompile Include="..\src\deemon\objects\property.c">
			<Filter>src\objects</Filter>
		</ClCompile>
		<ClCompile Include="..\src\deemon\objects\rodict.c">
			<Filter>src\objects</Filter>
		</ClCompile>
		<ClCompile Include="..\src\deemon\objects\roset.c">
			<Filter>src\objects</Filter>
		</ClCompile>
		<ClCompile Include="..\src\deemon\objects\seq.c">
			<Filter>src\objects</Filter>
		</ClCompile>
		<ClCompile Include="..\src\deemon\objects\seq\bsearch.c">
			<Filter>src\objects\seq</Filter>
		</ClCompile>
		<ClCompile Include="..\src\deemon\objects\seq\byattr.c">
			<Filter>src\objects\seq</Filter>
		</ClCompile>
		<ClCompile Include="..\src\deemon\objects\seq\combinations.c">
			<Filter>src\objects\seq</Filter>
		</ClCompile>
		<ClCompile Include="..\src\deemon\objects\seq\concat.c">
			<Filter>src\objects\seq</Filter>
		</ClCompile>
		<ClCompile Include="..\src\deemon\objects\seq\default-api.c">
			<Filter>src\objects\seq</Filter>
		</ClCompile>
		<ClCompile Include="..\src\deemon\objects\seq\default-compare.c">
			<Filter>src\objects\seq</Filter>
		</ClCompile>
		<ClCompile Include="..\src\deemon\objects\seq\default-iterators.c">
			<Filter>src\objects\seq</Filter>
		</ClCompile>
		<ClCompile Include="..\src\deemon\objects\seq\default-sequences.c">
			<Filter>src\objects\seq</Filter>
		</ClCompile>
		<ClCompile Include="..\src\deemon\objects\seq\each.c">
			<Filter>src\objects\seq</Filter>
		</ClCompile>
		<ClCompile Include="..\src\deemon\objects\seq\fastseq.c">
			<Filter>src\objects\seq</Filter>
		</ClCompile>
		<ClCompile Include="..\src\deemon\objects\seq\filter.c">
			<Filter>src\objects\seq</Filter>
		</ClCompile>
		<ClCompile Include="..\src\deemon\objects\seq\hashfilter.c">
			<Filter>src\objects\seq</Filter>
		</ClCompile>
		<ClCompile Include="..\src\deemon\objects\seq\locateall.c">
			<Filter>src\objects\seq</Filter>
		</ClCompile>
		<ClCompile Include="..\src\deemon\objects\seq\range.c">
			<Filter>src\objects\seq</Filter>
		</ClCompile>
		<ClCompile Include="..\src\deemon\objects\seq\repeat.c">
			<Filter>src\objects\seq</Filter>
		</ClCompile>
		<ClCompile Include="..\src\deemon\objects\seq\reversed.c">
			<Filter>src\objects\seq</Filter>
		</ClCompile>
		<ClCompile Include="..\src\deemon\objects\seq\segments.c">
			<Filter>src\objects\seq</Filter>
		</ClCompile>
		<ClCompile Include="..\src\deemon\objects\seq\set.c">
			<Filter>src\objects\seq</Filter>
		</ClCompile>
		<ClCompile Include="..\src\deemon\objects\seq\simpleproxy.c">
			<Filter>src\objects\seq</Filter>
		</ClCompile>
		<ClCompile Include="..\src\deemon\objects\seq\smap.c">
			<Filter>src\objects\seq</Filter>
		</ClCompile>
		<ClCompile Include="..\src\deemon\objects\seq\sort.c">
			<Filter>src\objects\seq</Filter>
		</ClCompile>
		<ClCompile Include="..\src\deemon\objects\seq\subrange.c">
			<Filter>src\objects\seq</Filter>
		</ClCompile>
		<ClCompile Include="..\src\deemon\objects\seq\svec.c">
			<Filter>src\objects\seq</Filter>
		</ClCompile>
		<ClCompile Include="..\src\deemon\objects\seq\transform.c">
			<Filter>src\objects\seq</Filter>
		</ClCompile>
		<ClCompile Include="..\src\deemon\objects\seq\typemro.c">
			<Filter>src\objects\seq</Filter>
		</ClCompile>
		<ClCompile Include="..\src\deemon\objects\seq_functions.c">
			<Filter>src\objects</Filter>
		</ClCompile>
		<ClCompile Include="..\src\deemon\objects\seq_mutable.c">
			<Filter>src\objects</Filter>
		</ClCompile>
		<ClCompile Include="..\src\deemon\objects\set.c">
			<Filter>src\objects</Filter>
		</ClCompile>
		<ClCompile Include="..\src\deemon\objects\string.c">
			<Filter>src\objects</Filter>
		</ClCompile>
		<ClCompile Include="..\src\deemon\objects\super.c">
			<Filter>src\objects</Filter>
		</ClCompile>
		<ClCompile Include="..\src\deemon\objects\traceback.c">
			<Filter>src\objects</Filter>
		</ClCompile>
		<ClCompile Include="..\src\deemon\objects\tuple.c">
			<Filter>src\objects</Filter>
		</ClCompile>
		<ClCompile Include="..\src\deemon\objects\type-operators.c">
			<Filter>src\objects</Filter>
		</ClCompile>
		<ClCompile Include="..\src\deemon\objects\unicode\cformat.c">
			<Filter>src\objects\unicode</Filter>
		</ClCompile>
		<ClCompile Include="..\src\deemon\objects\unicode\codec.c">
			<Filter>src\objects\unicode</Filter>
		</ClCompile>
		<ClCompile Include="..\src\deemon\objects\unicode\cscanf.c">
			<Filter>src\objects\unicode</Filter>
		</ClCompile>
		<ClCompile Include="..\src\deemon\objects\unicode\format.c">
			<Filter>src\objects\unicode</Filter>
		</ClCompile>
		<ClCompile Include="..\src\deemon\objects\unicode\regex.c">
			<Filter>src\objects\unicode</Filter>
		</ClCompile>
		<ClCompile Include="..\src\deemon\objects\unicode\regroups.c">
			<Filter>src\objects\unicode</Filter>
		</ClCompile>
		<ClCompile Include="..\src\deemon\objects\unicode\string_functions.c">
			<Filter>src\objects\unicode</Filter>
		</ClCompile>
		<ClCompile Include="..\src\deemon\objects\unicode\unicode.c">
			<Filter>src\objects\unicode</Filter>
		</ClCompile>
		<ClCompile Include="..\src\deemon\objects\unicode\unicode_db.c">
			<Filter>src\objects\unicode</Filter>
		</ClCompile>
		<ClCompile Include="..\src\deemon\objects\weakref.c">
			<Filter>src\objects</Filter>
		</ClCompile>
		<ClCompile Include="..\src\deemon\runtime\attribute.c">
			<Filter>src\runtime</Filter>
		</ClCompile>
		<ClCompile Include="..\src\deemon\runtime\build_value.c">
			<Filter>src\runtime</Filter>
		</ClCompile>
		<ClCompile Include="..\src\deemon\runtime\builtin.c">
			<Filter>src\runtime</Filter>
		</ClCompile>
		<ClCompile Include="..\src\deemon\runtime\builtin_functions.c">
			<Filter>src\runtime</Filter>
		</ClCompile>
		<ClCompile Include="..\src\deemon\runtime\error.c">
			<Filter>src\runtime</Filter>
		</ClCompile>
		<ClCompile Include="..\src\deemon\runtime\format.c">
			<Filter>src\runtime</Filter>
		</ClCompile>
		<ClCompile Include="..\src\deemon\runtime\gc.c">
			<Filter>src\runtime</Filter>
		</ClCompile>
		<ClCompile Include="..\src\deemon\runtime\kwds-wrappers.c">
			<Filter>src\runtime</Filter>
		</ClCompile>
		<ClCompile Include="..\src\deemon\runtime\kwds.c">
			<Filter>src\runtime</Filter>
		</ClCompile>
		<ClCompile Include="..\src\deemon\runtime\lock.c">
			<Filter>src\runtime</Filter>
		</ClCompile>
		<ClCompile Include="..\src\deemon\runtime\misc.c">
			<Filter>src\runtime</Filter>
		</ClCompile>
		<ClCompile Include="..\src\deemon\runtime\mro.c">
			<Filter>src\runtime</Filter>
		</ClCompile>
		<ClCompile Include="..\src\deemon\runtime\notify.c">
			<Filter>src\runtime</Filter>
		</ClCompile>
		<ClCompile Include="..\src\deemon\runtime\operator-constcall.c">
			<Filter>src\runtime</Filter>
		</ClCompile>
		<ClCompile Include="..\src\deemon\runtime\operator.c">
			<Filter>src\runtime</Filter>
		</ClCompile>
		<ClCompile Include="..\src\deemon\runtime\operator_info.c">
			<Filter>src\runtime</Filter>
		</ClCompile>
		<ClCompile Include="..\src\deemon\runtime\runtime_error.c">
			<Filter>src\runtime</Filter>
		</ClCompile>
		<ClCompile Include="..\src\deemon\runtime\strings.c">
			<Filter>src\runtime</Filter>
		</ClCompile>
		<ClCompile Include="..\src\deemon\runtime\thread.c">
			<Filter>src\runtime</Filter>
		</ClCompile>
		<ClCompile Include="..\src\deemon\runtime\type_member.c">
			<Filter>src\runtime</Filter>
		</ClCompile>
		<ClCompile Include="..\src\deemon\system\file.c">
			<Filter>src\system</Filter>
		</ClCompile>
		<ClCompile Include="..\src\deemon\system\futex.c">
			<Filter>src\system</Filter>
		</ClCompile>
		<ClCompile Include="..\src\deemon\system\system.c">
			<Filter>src\system</Filter>
		</ClCompile>
	</ItemGroup>
	<ItemGroup>
		<None Include="..\.clang-format" />
		<None Include="..\.gitattributes" />
		<None Include="..\.gitignore" />
		<None Include="..\.gitmodules" />
		<None Include="..\README.md" />
		<None Include="..\cpp.hint" />
		<None Include="..\include\deemon\compiler\lexer.def">
			<Filter>include\compiler</Filter>
		</None>
		<None Include="..\src\deemon\compiler\asm\userdb.def">
			<Filter>src\compiler\asm</Filter>
		</None>
		<None Include="..\src\deemon\execute\asm\exec.gas-386.S">
			<Filter>src\execute\asm</Filter>
		</None>
		<None Include="..\src\deemon\linker-scripts\link-deemon-gcc-i386-cygwin.def">
			<Filter>src\linker-scripts</Filter>
		</None>
		<None Include="..\src\deemon\linker-scripts\link-deemon-msvc-i386-win32.def">
			<Filter>src\linker-scripts</Filter>
		</None>
		<None Include="..\src\deemon\linker-scripts\link-deemon.dee">
			<Filter>src\linker-scripts</Filter>
		</None>
		<None Include="..\src\deemon\objects\unicode\db\.gitignore">
			<Filter>src\objects\unicode\db</Filter>
		</None>
		<None Include="..\src\deemon\objects\unicode\db\ctype.dee">
			<Filter>src\objects\unicode\db</Filter>
		</None>
		<None Include="..\src\deemon\objects\unicode\db\db.dat">
			<Filter>src\objects\unicode\db</Filter>
		</None>
		<None Include="..\src\deemon\runtime\builtins.def">
			<Filter>src\runtime</Filter>
		</None>
		<None Include="..\src\deemon\runtime\caches.def">
			<Filter>src\runtime</Filter>
		</None>
	</ItemGroup>
	<ItemGroup>
		<CustomBuild Include="..\src\deemon\execute\asm\altstack.ms-x64.S">
			<Filter>src\execute\asm</Filter>
		</CustomBuild>
	</ItemGroup>
</Project>