
Microsoft Visual Studio Solution File, Format Version 12.00
# Visual Studio 15
VisualStudioVersion = 15.0.28307.1321
MinimumVisualStudioVersion = 10.0.40219.1
Project("{8BC9CEB8-8B4A-11D0-8D11-00A0C91BC942}") = "deemon", "deemon-v143.vcxproj", "{86D226C5-EF62-4562-AC06-E6A753DFA7CF}"
EndProject
Project("{2150E333-8FDC-42A3-9474-1A3956D46DE8}") = "dex", "dex", "{2360741E-FB49-40D4-B684-000000001A50}"
EndProject
Project("{8BC9CEB8-8B4A-11D0-8D11-00A0C91BC942}") = "_hostasm", "dex\_hostasm-v143.vcxproj", "{85DE4E2D-552A-48E3-A320-00000A7043B5}"
	ProjectSection(ProjectDependencies) = postProject
		{86D226C5-EF62-4562-AC06-E6A753DFA7CF} = {86D226C5-EF62-4562-AC06-E6A753DFA7CF}
	EndProjectSection
EndProject
Project("{8BC9CEB8-8B4A-11D0-8D11-00A0C91BC942}") = "_strexec", "dex\_strexec-v143.vcxproj", "{85DE4E2D-552A-48E3-A320-00000A11F74B}"
	ProjectSection(ProjectDependencies) = postProject
		{86D226C5-EF62-4562-AC06-E6A753DFA7CF} = {86D226C5-EF62-4562-AC06-E6A753DFA7CF}
	EndProjectSection
EndProject
Project("{8BC9CEB8-8B4A-11D0-8D11-00A0C91BC942}") = "collections", "dex\collections-v143.vcxproj", "{85DE4E2D-552A-48E3-A320-001BD8220AC3}"
	ProjectSection(ProjectDependencies) = postProject
		{86D226C5-EF62-4562-AC06-E6A753DFA7CF} = {86D226C5-EF62-4562-AC06-E6A753DFA7CF}
	EndProjectSection
EndProject
Project("{8BC9CEB8-8B4A-11D0-8D11-00A0C91BC942}") = "ctypes", "dex\ctypes-v143.vcxproj", "{85DE4E2D-552A-48E3-A320-000000362D5B}"
	ProjectSection(ProjectDependencies) = postProject
		{86D226C5-EF62-4562-AC06-E6A753DFA7CF} = {86D226C5-EF62-4562-AC06-E6A753DFA7CF}
	EndProjectSection
EndProject
Project("{8BC9CEB8-8B4A-11D0-8D11-00A0C91BC942}") = "disassembler", "dex\disassembler-v143.vcxproj", "{85DE4E2D-552A-48E3-A320-00D1B6988C5A}"
	ProjectSection(ProjectDependencies) = postProject
		{86D226C5-EF62-4562-AC06-E6A753DFA7CF} = {86D226C5-EF62-4562-AC06-E6A753DFA7CF}
	EndProjectSection
EndProject
Project("{8BC9CEB8-8B4A-11D0-8D11-00A0C91BC942}") = "files", "dex\files-v143.vcxproj", "{85DE4E2D-552A-48E3-A320-00000006AA5B}"
	ProjectSection(ProjectDependencies) = postProject
		{86D226C5-EF62-4562-AC06-E6A753DFA7CF} = {86D226C5-EF62-4562-AC06-E6A753DFA7CF}
	EndProjectSection
EndProject
Project("{8BC9CEB8-8B4A-11D0-8D11-00A0C91BC942}") = "hashlib", "dex\hashlib-v143.vcxproj", "{85DE4E2D-552A-48E3-A320-00000197782A}"
	ProjectSection(ProjectDependencies) = postProject
		{86D226C5-EF62-4562-AC06-E6A753DFA7CF} = {86D226C5-EF62-4562-AC06-E6A753DFA7CF}
	EndProjectSection
EndProject
Project("{8BC9CEB8-8B4A-11D0-8D11-00A0C91BC942}") = "ipc", "dex\ipc-v143.vcxproj", "{85DE4E2D-552A-48E3-A320-0000000019A3}"
	ProjectSection(ProjectDependencies) = postProject
		{86D226C5-EF62-4562-AC06-E6A753DFA7CF} = {86D226C5-EF62-4562-AC06-E6A753DFA7CF}
	EndProjectSection
EndProject
Project("{8BC9CEB8-8B4A-11D0-8D11-00A0C91BC942}") = "json", "dex\json-v143.vcxproj", "{85DE4E2D-552A-48E3-A320-00000000CBD6}"
	ProjectSection(ProjectDependencies) = postProject
		{86D226C5-EF62-4562-AC06-E6A753DFA7CF} = {86D226C5-EF62-4562-AC06-E6A753DFA7CF}
	EndProjectSection
EndProject
Project("{8BC9CEB8-8B4A-11D0-8D11-00A0C91BC942}") = "math", "dex\math-v143.vcxproj", "{85DE4E2D-552A-48E3-A320-00000000C188}"
	ProjectSection(ProjectDependencies) = postProject
		{86D226C5-EF62-4562-AC06-E6A753DFA7CF} = {86D226C5-EF62-4562-AC06-E6A753DFA7CF}
	EndProjectSection
EndProject
Project("{8BC9CEB8-8B4A-11D0-8D11-00A0C91BC942}") = "net", "dex\net-v143.vcxproj", "{85DE4E2D-552A-48E3-A320-0000000018DC}"
	ProjectSection(ProjectDependencies) = postProject
		{86D226C5-EF62-4562-AC06-E6A753DFA7CF} = {86D226C5-EF62-4562-AC06-E6A753DFA7CF}
	EndProjectSection
EndProject
Project("{8BC9CEB8-8B4A-11D0-8D11-00A0C91BC942}") = "posix", "dex\posix-v143.vcxproj", "{85DE4E2D-552A-48E3-A320-00000007C1F0}"
	ProjectSection(ProjectDependencies) = postProject
		{86D226C5-EF62-4562-AC06-E6A753DFA7CF} = {86D226C5-EF62-4562-AC06-E6A753DFA7CF}
	EndProjectSection
EndProject
Project("{8BC9CEB8-8B4A-11D0-8D11-00A0C91BC942}") = "rt", "dex\rt-v143.vcxproj", "{85DE4E2D-552A-48E3-A320-0000000003E4}"
	ProjectSection(ProjectDependencies) = postProject
		{86D226C5-EF62-4562-AC06-E6A753DFA7CF} = {86D226C5-EF62-4562-AC06-E6A753DFA7CF}
	EndProjectSection
EndProject
Project("{8BC9CEB8-8B4A-11D0-8D11-00A0C91BC942}") = "sqlite3", "dex\sqlite3-v143.vcxproj", "{85DE4E2D-552A-48E3-A320-000001F28C1B}"
	ProjectSection(ProjectDependencies) = postProject
		{86D226C5-EF62-4562-AC06-E6A753DFA7CF} = {86D226C5-EF62-4562-AC06-E6A753DFA7CF}
	EndProjectSection
EndProject
Project("{8BC9CEB8-8B4A-11D0-8D11-00A0C91BC942}") = "threading", "dex\threading-v143.vcxproj", "{85DE4E2D-552A-48E3-A320-000078FC4157}"
	ProjectSection(ProjectDependencies) = postProject
		{86D226C5-EF62-4562-AC06-E6A753DFA7CF} = {86D226C5-EF62-4562-AC06-E6A753DFA7CF}
	EndProjectSection
EndProject
Project("{8BC9CEB8-8B4A-11D0-8D11-00A0C91BC942}") = "time", "dex\time-v143.vcxproj", "{85DE4E2D-552A-48E3-A320-00000000F14D}"
	ProjectSection(ProjectDependencies) = postProject
		{86D226C5-EF62-4562-AC06-E6A753DFA7CF} = {86D226C5-EF62-4562-AC06-E6A753DFA7CF}
	EndProjectSection
EndProject
Project("{8BC9CEB8-8B4A-11D0-8D11-00A0C91BC942}") = "win32", "dex\win32-v143.vcxproj", "{85DE4E2D-552A-48E3-A320-00000007B82A}"
	ProjectSection(ProjectDependencies) = postProject
		{86D226C5-EF62-4562-AC06-E6A753DFA7CF} = {86D226C5-EF62-4562-AC06-E6A753DFA7CF}
	EndProjectSection
EndProject
Project("{2150E333-8FDC-42A3-9474-1A3956D46DE8}") = "lib", "lib", "{2360741E-FB49-40D4-B684-00000000182A}"
	ProjectSection(SolutionItems) = preProject
		..\lib\LANGUAGE.txt = ..\lib\LANGUAGE.txt
		..\lib\annotations.dee = ..\lib\annotations.dee
		..\lib\codecs.dee = ..\lib\codecs.dee
		..\lib\doc.dee = ..\lib\doc.dee
		..\lib\doctext.dee = ..\lib\doctext.dee
		..\lib\errors.dee = ..\lib\errors.dee
		..\lib\fs.dee = ..\lib\fs.dee
		..\lib\functools.dee = ..\lib\functools.dee
		..\lib\gitignore.dee = ..\lib\gitignore.dee
		..\lib\operators.dee = ..\lib\operators.dee
		..\lib\py2dee.dee = ..\lib\py2dee.dee
		..\lib\random.dee = ..\lib\random.dee
		..\lib\thread_util.dee = ..\lib\thread_util.dee
		..\lib\util.dee = ..\lib\util.dee
	EndProjectSection
EndProject
Project("{2150E333-8FDC-42A3-9474-1A3956D46DE8}") = "_codecs", "_codecs", "{2360741E-FB49-40D4-B684-001820CBA22B}"
	ProjectSection(SolutionItems) = preProject
		..\lib\_codecs\.gitignore = ..\lib\_codecs\.gitignore
		..\lib\_codecs\_gencodecs.dee = ..\lib\_codecs\_gencodecs.dee
		..\lib\_codecs\cp037.dee = ..\lib\_codecs\cp037.dee
		..\lib\_codecs\cp10000.dee = ..\lib\_codecs\cp10000.dee
		..\lib\_codecs\cp10006.dee = ..\lib\_codecs\cp10006.dee
		..\lib\_codecs\cp10007.dee = ..\lib\_codecs\cp10007.dee
		..\lib\_codecs\cp10029.dee = ..\lib\_codecs\cp10029.dee
		..\lib\_codecs\cp10079.dee = ..\lib\_codecs\cp10079.dee
		..\lib\_codecs\cp10081.dee = ..\lib\_codecs\cp10081.dee
		..\lib\_codecs\cp1026.dee = ..\lib\_codecs\cp1026.dee
		..\lib\_codecs\cp1250.dee = ..\lib\_codecs\cp1250.dee
		..\lib\_codecs\cp1251.dee = ..\lib\_codecs\cp1251.dee
		..\lib\_codecs\cp1252.dee = ..\lib\_codecs\cp1252.dee
		..\lib\_codecs\cp1253.dee = ..\lib\_codecs\cp1253.dee
		..\lib\_codecs\cp1254.dee = ..\lib\_codecs\cp1254.dee
		..\lib\_codecs\cp1255.dee = ..\lib\_codecs\cp1255.dee
		..\lib\_codecs\cp1256.dee = ..\lib\_codecs\cp1256.dee
		..\lib\_codecs\cp1257.dee = ..\lib\_codecs\cp1257.dee
		..\lib\_codecs\cp1258.dee = ..\lib\_codecs\cp1258.dee
		..\lib\_codecs\cp437.dee = ..\lib\_codecs\cp437.dee
		..\lib\_codecs\cp500.dee = ..\lib\_codecs\cp500.dee
		..\lib\_codecs\cp737.dee = ..\lib\_codecs\cp737.dee
		..\lib\_codecs\cp775.dee = ..\lib\_codecs\cp775.dee
		..\lib\_codecs\cp850.dee = ..\lib\_codecs\cp850.dee
		..\lib\_codecs\cp852.dee = ..\lib\_codecs\cp852.dee
		..\lib\_codecs\cp855.dee = ..\lib\_codecs\cp855.dee
		..\lib\_codecs\cp857.dee = ..\lib\_codecs\cp857.dee
		..\lib\_codecs\cp860.dee = ..\lib\_codecs\cp860.dee
		..\lib\_codecs\cp861.dee = ..\lib\_codecs\cp861.dee
		..\lib\_codecs\cp862.dee = ..\lib\_codecs\cp862.dee
		..\lib\_codecs\cp863.dee = ..\lib\_codecs\cp863.dee
		..\lib\_codecs\cp864.dee = ..\lib\_codecs\cp864.dee
		..\lib\_codecs\cp865.dee = ..\lib\_codecs\cp865.dee
		..\lib\_codecs\cp866.dee = ..\lib\_codecs\cp866.dee
		..\lib\_codecs\cp869.dee = ..\lib\_codecs\cp869.dee
		..\lib\_codecs\cp874.dee = ..\lib\_codecs\cp874.dee
		..\lib\_codecs\cp875.dee = ..\lib\_codecs\cp875.dee
		..\lib\_codecs\iso8859-1.dee = ..\lib\_codecs\iso8859-1.dee
		..\lib\_codecs\iso8859-10.dee = ..\lib\_codecs\iso8859-10.dee
		..\lib\_codecs\iso8859-11.dee = ..\lib\_codecs\iso8859-11.dee
		..\lib\_codecs\iso8859-13.dee = ..\lib\_codecs\iso8859-13.dee
		..\lib\_codecs\iso8859-14.dee = ..\lib\_codecs\iso8859-14.dee
		..\lib\_codecs\iso8859-15.dee = ..\lib\_codecs\iso8859-15.dee
		..\lib\_codecs\iso8859-16.dee = ..\lib\_codecs\iso8859-16.dee
		..\lib\_codecs\iso8859-2.dee = ..\lib\_codecs\iso8859-2.dee
		..\lib\_codecs\iso8859-3.dee = ..\lib\_codecs\iso8859-3.dee
		..\lib\_codecs\iso8859-4.dee = ..\lib\_codecs\iso8859-4.dee
		..\lib\_codecs\iso8859-5.dee = ..\lib\_codecs\iso8859-5.dee
		..\lib\_codecs\iso8859-6.dee = ..\lib\_codecs\iso8859-6.dee
		..\lib\_codecs\iso8859-7.dee = ..\lib\_codecs\iso8859-7.dee
		..\lib\_codecs\iso8859-8.dee = ..\lib\_codecs\iso8859-8.dee
		..\lib\_codecs\iso8859-9.dee = ..\lib\_codecs\iso8859-9.dee
		..\lib\_codecs\nextstep.dee = ..\lib\_codecs\nextstep.dee
	EndProjectSection
EndProject
Project("{2150E333-8FDC-42A3-9474-1A3956D46DE8}") = "include", "include", "{2360741E-FB49-40D4-B684-00182015F605}"
	ProjectSection(SolutionItems) = preProject
		..\lib\include\README.txt = ..\lib\include\README.txt
		..\lib\include\TODO.txt = ..\lib\include\TODO.txt
		..\lib\include\TPP_ASSERT.h = ..\lib\include\TPP_ASSERT.h
		..\lib\include\TPP_CAT.h = ..\lib\include\TPP_CAT.h
		..\lib\include\TPP_CTYPE.h = ..\lib\include\TPP_CTYPE.h
		..\lib\include\TPP_FOR.h = ..\lib\include\TPP_FOR.h
		..\lib\include\TPP_FOREACH.h = ..\lib\include\TPP_FOREACH.h
		..\lib\include\TPP_IF.h = ..\lib\include\TPP_IF.h
		..\lib\include\TPP_OVERLOAD.h = ..\lib\include\TPP_OVERLOAD.h
		..\lib\include\TPP_REPEAT.h = ..\lib\include\TPP_REPEAT.h
		..\lib\include\TPP_STR.h = ..\lib\include\TPP_STR.h
		..\lib\include\TPP_TUPLE_AT.h = ..\lib\include\TPP_TUPLE_AT.h
		..\lib\include\TPP_VA_NARGS.h = ..\lib\include\TPP_VA_NARGS.h
		..\lib\include\TPP_WHILE.h = ..\lib\include\TPP_WHILE.h
		..\lib\include\__TPP_STDINC.h = ..\lib\include\__TPP_STDINC.h
		..\lib\include\__builtin_bswap.dee = ..\lib\include\__builtin_bswap.dee
		..\lib\include\__builtin_class.dee = ..\lib\include\__builtin_class.dee
		..\lib\include\__builtin_code.dee = ..\lib\include\__builtin_code.dee
		..\lib\include\__builtin_enumattr.dee = ..\lib\include\__builtin_enumattr.dee
		..\lib\include\__builtin_exit.dee = ..\lib\include\__builtin_exit.dee
		..\lib\include\__builtin_extern.dee = ..\lib\include\__builtin_extern.dee
		..\lib\include\__builtin_fs.dee = ..\lib\include\__builtin_fs.dee
		..\lib\include\__builtin_gcc.dee = ..\lib\include\__builtin_gcc.dee
		..\lib\include\__builtin_help.dee = ..\lib\include\__builtin_help.dee
		..\lib\include\__builtin_malloc.dee = ..\lib\include\__builtin_malloc.dee
		..\lib\include\__builtin_math.dee = ..\lib\include\__builtin_math.dee
		..\lib\include\__builtin_mem.dee = ..\lib\include\__builtin_mem.dee
		..\lib\include\__builtin_pointer.dee = ..\lib\include\__builtin_pointer.dee
		..\lib\include\__builtin_runtime.dee = ..\lib\include\__builtin_runtime.dee
		..\lib\include\__builtin_util.dee = ..\lib\include\__builtin_util.dee
		..\lib\include\__cdefault.dee = ..\lib\include\__cdefault.dee
		..\lib\include\__cxxdefault.dee = ..\lib\include\__cxxdefault.dee
		..\lib\include\__deemon_chartraits.dee = ..\lib\include\__deemon_chartraits.dee
		..\lib\include\__ffs.dee = ..\lib\include\__ffs.dee
		..\lib\include\__intrin.dee = ..\lib\include\__intrin.dee
		..\lib\include\__stddef.dee = ..\lib\include\__stddef.dee
		..\lib\include\atomic = ..\lib\include\atomic
		..\lib\include\attrutil = ..\lib\include\attrutil
		..\lib\include\cell = ..\lib\include\cell
		..\lib\include\dexmodule = ..\lib\include\dexmodule
		..\lib\include\endian = ..\lib\include\endian
		..\lib\include\error = ..\lib\include\error
		..\lib\include\file = ..\lib\include\file
		..\lib\include\fs = ..\lib\include\fs
		..\lib\include\fs.env = ..\lib\include\fs.env
		..\lib\include\function = ..\lib\include\function
		..\lib\include\gc = ..\lib\include\gc
		..\lib\include\intrin = ..\lib\include\intrin
		..\lib\include\m_builtins.dee = ..\lib\include\m_builtins.dee
		..\lib\include\m_fs.dee = ..\lib\include\m_fs.dee
		..\lib\include\m_fs_path.dee = ..\lib\include\m_fs_path.dee
		..\lib\include\m_fs_posix.dee = ..\lib\include\m_fs_posix.dee
		..\lib\include\m_fs_win32.dee = ..\lib\include\m_fs_win32.dee
		..\lib\include\m_math.dee = ..\lib\include\m_math.dee
		..\lib\include\m_sys.dee = ..\lib\include\m_sys.dee
		..\lib\include\m_util.dee = ..\lib\include\m_util.dee
		..\lib\include\m_util_attr.dee = ..\lib\include\m_util_attr.dee
		..\lib\include\math = ..\lib\include\math
		..\lib\include\mem = ..\lib\include\mem
		..\lib\include\pipe = ..\lib\include\pipe
		..\lib\include\process = ..\lib\include\process
		..\lib\include\random = ..\lib\include\random
		..\lib\include\shared_lib = ..\lib\include\shared_lib
		..\lib\include\stddef.h = ..\lib\include\stddef.h
		..\lib\include\stdnoreturn.h = ..\lib\include\stdnoreturn.h
		..\lib\include\sys = ..\lib\include\sys
		..\lib\include\thread = ..\lib\include\thread
		..\lib\include\time = ..\lib\include\time
		..\lib\include\util = ..\lib\include\util
	EndProjectSection
EndProject
Project("{2150E333-8FDC-42A3-9474-1A3956D46DE8}") = "dex", "dex", "{2360741E-FB49-40D4-B684-4301F0D08B78}"
	ProjectSection(SolutionItems) = preProject
		..\lib\include\dex\hashlib = ..\lib\include\dex\hashlib
		..\lib\include\dex\hashlib.dee = ..\lib\include\dex\hashlib.dee
	EndProjectSection
EndProject
Project("{2150E333-8FDC-42A3-9474-1A3956D46DE8}") = "gcode", "gcode", "{2360741E-FB49-40D4-B684-BF650AB8E3CD}"
	ProjectSection(SolutionItems) = preProject
		..\lib\include\gcode\__gc_default.dee = ..\lib\include\gcode\__gc_default.dee
		..\lib\include\gcode\fs.dee = ..\lib\include\gcode\fs.dee
		..\lib\include\gcode\m_gcode_fs.dee = ..\lib\include\gcode\m_gcode_fs.dee
		..\lib\include\gcode\m_gcode_sys.dee = ..\lib\include\gcode\m_gcode_sys.dee
		..\lib\include\gcode\m_gcode_timing.dee = ..\lib\include\gcode\m_gcode_timing.dee
		..\lib\include\gcode\m_gcode_types.dee = ..\lib\include\gcode\m_gcode_types.dee
		..\lib\include\gcode\sys.dee = ..\lib\include\gcode\sys.dee
		..\lib\include\gcode\timing.dee = ..\lib\include\gcode\timing.dee
		..\lib\include\gcode\types.dee = ..\lib\include\gcode\types.dee
	EndProjectSection
EndProject
Project("{2150E333-8FDC-42A3-9474-1A3956D46DE8}") = "net", "net", "{2360741E-FB49-40D4-B684-4301F0D088B2}"
	ProjectSection(SolutionItems) = preProject
		..\lib\include\net\endian = ..\lib\include\net\endian
		..\lib\include\net\socket = ..\lib\include\net\socket
	EndProjectSection
EndProject
Project("{2150E333-8FDC-42A3-9474-1A3956D46DE8}") = "tr1", "tr1", "{2360741E-FB49-40D4-B684-4301F0D08DF1}"
	ProjectSection(SolutionItems) = preProject
		..\lib\include\tr1\m_tr1.dee = ..\lib\include\tr1\m_tr1.dee
		..\lib\include\tr1\m_tr1_geometry.dee = ..\lib\include\tr1\m_tr1_geometry.dee
		..\lib\include\tr1\unique_iterator = ..\lib\include\tr1\unique_iterator
	EndProjectSection
EndProject
Project("{2150E333-8FDC-42A3-9474-1A3956D46DE8}") = "geometry", "geometry", "{2360741E-FB49-40D4-B684-591924C4CFA6}"
	ProjectSection(SolutionItems) = preProject
		..\lib\include\tr1\geometry\point = ..\lib\include\tr1\geometry\point
		..\lib\include\tr1\geometry\rect = ..\lib\include\tr1\geometry\rect
	EndProjectSection
EndProject
Project("{2150E333-8FDC-42A3-9474-1A3956D46DE8}") = "net", "net", "{2360741E-FB49-40D4-B684-0000018200DC}"
	ProjectSection(SolutionItems) = preProject
		..\lib\net\ftp.dee = ..\lib\net\ftp.dee
	EndProjectSection
EndProject
Project("{2150E333-8FDC-42A3-9474-1A3956D46DE8}") = "python", "python", "{2360741E-FB49-40D4-B684-0003040F6116}"
	ProjectSection(SolutionItems) = preProject
		..\lib\python\builtins.dee = ..\lib\python\builtins.dee
		..\lib\python\exceptions.dee = ..\lib\python\exceptions.dee
	EndProjectSection
EndProject
Project("{2150E333-8FDC-42A3-9474-1A3956D46DE8}") = "rt", "rt", "{2360741E-FB49-40D4-B684-0000003040E4}"
	ProjectSection(SolutionItems) = preProject
		..\lib\rt\builtins.dee = ..\lib\rt\builtins.dee
		..\lib\rt\bytecode.dee = ..\lib\rt\bytecode.dee
		..\lib\rt\d200.dee = ..\lib\rt\d200.dee
		..\lib\rt\hash.dee = ..\lib\rt\hash.dee
	EndProjectSection
EndProject
Project("{2150E333-8FDC-42A3-9474-1A3956D46DE8}") = "gen", "gen", "{2360741E-FB49-40D4-B684-0003040EE286}"
	ProjectSection(SolutionItems) = preProject
		..\lib\rt\gen\cxxapi.dee = ..\lib\rt\gen\cxxapi.dee
		..\lib\rt\gen\dexutils.dee = ..\lib\rt\gen\dexutils.dee
		..\lib\rt\gen\hash.dee = ..\lib\rt\gen\hash.dee
		..\lib\rt\gen\string.dee = ..\lib\rt\gen\string.dee
		..\lib\rt\gen\unpack.dee = ..\lib\rt\gen\unpack.dee
	EndProjectSection
EndProject
Project("{2150E333-8FDC-42A3-9474-1A3956D46DE8}") = "hints", "hints", "{2360741E-FB49-40D4-B684-00C103B84A53}"
	ProjectSection(SolutionItems) = preProject
		..\lib\rt\hints\method.dee = ..\lib\rt\hints\method.dee
		..\lib\rt\hints\operator.dee = ..\lib\rt\hints\operator.dee
	EndProjectSection
EndProject
Project("{2150E333-8FDC-42A3-9474-1A3956D46DE8}") = "threading", "threading", "{2360741E-FB49-40D4-B684-060818FC4157}"
	ProjectSection(SolutionItems) = preProject
		..\lib\threading\pool.dee = ..\lib\threading\pool.dee
	EndProjectSection
EndProject
Project("{2150E333-8FDC-42A3-9474-1A3956D46DE8}") = "util", "util", "{2360741E-FB49-40D4-B684-00000000F424}"
	ProjectSection(SolutionItems) = preProject
		..\util\deemon.xml = ..\util\deemon.xml
		..\util\doc-server.dee = ..\util\doc-server.dee
		..\util\evalstackdump.dee = ..\util\evalstackdump.dee
		..\util\make-vs-proj.dee = ..\util\make-vs-proj.dee
		..\util\makelight.dee = ..\util\makelight.dee
		..\util\notepad++-stylesheet-light.xml = ..\util\notepad++-stylesheet-light.xml
		..\util\notepad++-stylesheet.xml = ..\util\notepad++-stylesheet.xml
		..\util\test-errors.dee = ..\util\test-errors.dee
		..\util\test.dee = ..\util\test.dee
	EndProjectSection
EndProject
Project("{2150E333-8FDC-42A3-9474-1A3956D46DE8}") = "scripts", "scripts", "{2360741E-FB49-40D4-B684-00F42E7A6DD3}"
	ProjectSection(SolutionItems) = preProject
		..\util\scripts\computed-operators.dee = ..\util\scripts\computed-operators.dee
		..\util\scripts\fib.dee = ..\util\scripts\fib.dee
		..\util\scripts\fixlinefeeds.dee = ..\util\scripts\fixlinefeeds.dee
		..\util\scripts\migrate-tag-descriptions.dee = ..\util\scripts\migrate-tag-descriptions.dee
	EndProjectSection
EndProject
Project("{2150E333-8FDC-42A3-9474-1A3956D46DE8}") = "test", "test", "{2360741E-FB49-40D4-B684-00007A1732AC}"
	ProjectSection(SolutionItems) = preProject
		..\util\test\collections-bitset.dee = ..\util\test\collections-bitset.dee
		..\util\test\collections-rbtree.dee = ..\util\test\collections-rbtree.dee
		..\util\test\collections.dee = ..\util\test\collections.dee
		..\util\test\compiler-assert.dee = ..\util\test\compiler-assert.dee
		..\util\test\compiler-c-cast.dee = ..\util\test\compiler-c-cast.dee
		..\util\test\compiler-call-non-tuple.dee = ..\util\test\compiler-call-non-tuple.dee
		..\util\test\compiler-class-constructors.dee = ..\util\test\compiler-class-constructors.dee
		..\util\test\compiler-class-final-member.dee = ..\util\test\compiler-class-final-member.dee
		..\util\test\compiler-class-with-multiple-bases.dee = ..\util\test\compiler-class-with-multiple-bases.dee
		..\util\test\compiler-conversion-operator.dee = ..\util\test\compiler-conversion-operator.dee
		..\util\test\compiler-deepcopy-recursive.dee = ..\util\test\compiler-deepcopy-recursive.dee
		..\util\test\compiler-destructor-order.dee = ..\util\test\compiler-destructor-order.dee
		..\util\test\compiler-except-branching.dee = ..\util\test\compiler-except-branching.dee
		..\util\test\compiler-except-expr.dee = ..\util\test\compiler-except-expr.dee
		..\util\test\compiler-except-order.dee = ..\util\test\compiler-except-order.dee
		..\util\test\compiler-except-retval.dee = ..\util\test\compiler-except-retval.dee
		..\util\test\compiler-finally-in-except.dee = ..\util\test\compiler-finally-in-except.dee
		..\util\test\compiler-forward-class-symbols.dee = ..\util\test\compiler-forward-class-symbols.dee
		..\util\test\compiler-function-keywords.dee = ..\util\test\compiler-function-keywords.dee
		..\util\test\compiler-implicit-local-conversion.dee = ..\util\test\compiler-implicit-local-conversion.dee
		..\util\test\compiler-import-self.dee = ..\util\test\compiler-import-self.dee
		..\util\test\compiler-int-imm.dee = ..\util\test\compiler-int-imm.dee
		..\util\test\compiler-int-incdec.dee = ..\util\test\compiler-int-incdec.dee
		..\util\test\compiler-kwds.dee = ..\util\test\compiler-kwds.dee
		..\util\test\compiler-lexer-corners.dee = ..\util\test\compiler-lexer-corners.dee
		..\util\test\compiler-paren-brace-pasing.dee = ..\util\test\compiler-paren-brace-pasing.dee
		..\util\test\compiler-print-in-statement-expressions.dee = ..\util\test\compiler-print-in-statement-expressions.dee
		..\util\test\compiler-qmarkqmark-operator.dee = ..\util\test\compiler-qmarkqmark-operator.dee
		..\util\test\compiler-range-expressions.dee = ..\util\test\compiler-range-expressions.dee
		..\util\test\compiler-recursive-references.dee = ..\util\test\compiler-recursive-references.dee
		..\util\test\compiler-self-recursion.dee = ..\util\test\compiler-self-recursion.dee
		..\util\test\compiler-sequence-cast.dee = ..\util\test\compiler-sequence-cast.dee
		..\util\test\compiler-sequence-copy.dee = ..\util\test\compiler-sequence-copy.dee
		..\util\test\compiler-static-constinit.dee = ..\util\test\compiler-static-constinit.dee
		..\util\test\compiler-static-initialization-abort.dee = ..\util\test\compiler-static-initialization-abort.dee
		..\util\test\compiler-static-once.dee = ..\util\test\compiler-static-once.dee
		..\util\test\compiler-static-variables.dee = ..\util\test\compiler-static-variables.dee
		..\util\test\compiler-template-string-jit.dee = ..\util\test\compiler-template-string-jit.dee
		..\util\test\compiler-template-string.dee = ..\util\test\compiler-template-string.dee
		..\util\test\compiler-thousands-grouping.dee = ..\util\test\compiler-thousands-grouping.dee
		..\util\test\compiler-type-annotations.dee = ..\util\test\compiler-type-annotations.dee
		..\util\test\compiler-unused-getset.dee = ..\util\test\compiler-unused-getset.dee
		..\util\test\compiler-varying-functions.dee = ..\util\test\compiler-varying-functions.dee
		..\util\test\ctypes-from-bytes.dee = ..\util\test\ctypes-from-bytes.dee
		..\util\test\ctypes-futex.dee = ..\util\test\ctypes-futex.dee
		..\util\test\ctypes-struct.dee = ..\util\test\ctypes-struct.dee
		..\util\test\ctypes.dee = ..\util\test\ctypes.dee
		..\util\test\deemon-attribute-lookup.dee = ..\util\test\deemon-attribute-lookup.dee
		..\util\test\deemon-class-inheritance.dee = ..\util\test\deemon-class-inheritance.dee
		..\util\test\deemon-dict-frozen.dee = ..\util\test\deemon-dict-frozen.dee
		..\util\test\deemon-dict-ordered.dee = ..\util\test\deemon-dict-ordered.dee
		..\util\test\deemon-dict-setoldnew.dee = ..\util\test\deemon-dict-setoldnew.dee
		..\util\test\deemon-dict-update.dee = ..\util\test\deemon-dict-update.dee
		..\util\test\deemon-error-ctor.dee = ..\util\test\deemon-error-ctor.dee
		..\util\test\deemon-error-names.dee = ..\util\test\deemon-error-names.dee
		..\util\test\deemon-error-restricted-attr.dee = ..\util\test\deemon-error-restricted-attr.dee
		..\util\test\deemon-error-standard-ctor.dee = ..\util\test\deemon-error-standard-ctor.dee
		..\util\test\deemon-error-unbound-attr.dee = ..\util\test\deemon-error-unbound-attr.dee
		..\util\test\deemon-float.dee = ..\util\test\deemon-float.dee
		..\util\test\deemon-frame-ddi-manipulation.dee = ..\util\test\deemon-frame-ddi-manipulation.dee
		..\util\test\deemon-hash.dee = ..\util\test\deemon-hash.dee
		..\util\test\deemon-hashset-clear.dee = ..\util\test\deemon-hashset-clear.dee
		..\util\test\deemon-int-bitcount.dee = ..\util\test\deemon-int-bitcount.dee
		..\util\test\deemon-int-frombytes.dee = ..\util\test\deemon-int-frombytes.dee
		..\util\test\deemon-int-fromstring.dee = ..\util\test\deemon-int-fromstring.dee
		..\util\test\deemon-int-msb.dee = ..\util\test\deemon-int-msb.dee
		..\util\test\deemon-int-nth.dee = ..\util\test\deemon-int-nth.dee
		..\util\test\deemon-int-overflow.dee = ..\util\test\deemon-int-overflow.dee
		..\util\test\deemon-int-pdep.dee = ..\util\test\deemon-int-pdep.dee
		..\util\test\deemon-int-pext.dee = ..\util\test\deemon-int-pext.dee
		..\util\test\deemon-int-tostr-thousands.dee = ..\util\test\deemon-int-tostr-thousands.dee
		..\util\test\deemon-int-tostr.dee = ..\util\test\deemon-int-tostr.dee
		..\util\test\deemon-java-lambda.dee = ..\util\test\deemon-java-lambda.dee
		..\util\test\deemon-kwcall-reference-loophole.dee = ..\util\test\deemon-kwcall-reference-loophole.dee
		..\util\test\deemon-list-remove.dee = ..\util\test\deemon-list-remove.dee
		..\util\test\deemon-list-setrange.dee = ..\util\test\deemon-list-setrange.dee
		..\util\test\deemon-list-sort.dee = ..\util\test\deemon-list-sort.dee
		..\util\test\deemon-mapping-byattr.dee = ..\util\test\deemon-mapping-byattr.dee
		..\util\test\deemon-mapping-byhash.dee = ..\util\test\deemon-mapping-byhash.dee
		..\util\test\deemon-mapping-fromattr.dee = ..\util\test\deemon-mapping-fromattr.dee
		..\util\test\deemon-mapping-fromkeys.dee = ..\util\test\deemon-mapping-fromkeys.dee
		..\util\test\deemon-numeric-isfloat.dee = ..\util\test\deemon-numeric-isfloat.dee
		..\util\test\deemon-object-id.dee = ..\util\test\deemon-object-id.dee
		..\util\test\deemon-operator-linkage.dee = ..\util\test\deemon-operator-linkage.dee
		..\util\test\deemon-primitives-are-const-castable.dee = ..\util\test\deemon-primitives-are-const-castable.dee
		..\util\test\deemon-property.dee = ..\util\test\deemon-property.dee
		..\util\test\deemon-sequence-asset.dee = ..\util\test\deemon-sequence-asset.dee
		..\util\test\deemon-sequence-bsearch.dee = ..\util\test\deemon-sequence-bsearch.dee
		..\util\test\deemon-sequence-cached.dee = ..\util\test\deemon-sequence-cached.dee
		..\util\test\deemon-sequence-combinations.dee = ..\util\test\deemon-sequence-combinations.dee
		..\util\test\deemon-sequence-compare.dee = ..\util\test\deemon-sequence-compare.dee
		..\util\test\deemon-sequence-each-contains.dee = ..\util\test\deemon-sequence-each-contains.dee
		..\util\test\deemon-sequence-each.dee = ..\util\test\deemon-sequence-each.dee
		..\util\test\deemon-sequence-enumerate.dee = ..\util\test\deemon-sequence-enumerate.dee
		..\util\test\deemon-sequence-flatten.dee = ..\util\test\deemon-sequence-flatten.dee
		..\util\test\deemon-sequence-locate.dee = ..\util\test\deemon-sequence-locate.dee
		..\util\test\deemon-sequence-math.dee = ..\util\test\deemon-sequence-math.dee
		..\util\test\deemon-sequence-one.dee = ..\util\test\deemon-sequence-one.dee
		..\util\test\deemon-sequence-reversed.dee = ..\util\test\deemon-sequence-reversed.dee
		..\util\test\deemon-sequence-segments.dee = ..\util\test\deemon-sequence-segments.dee
		..\util\test\deemon-sequence-size.dee = ..\util\test\deemon-sequence-size.dee
		..\util\test\deemon-sequence-some.dee = ..\util\test\deemon-sequence-some.dee
		..\util\test\deemon-sequence-sorted.dee = ..\util\test\deemon-sequence-sorted.dee
		..\util\test\deemon-sequence.dee = ..\util\test\deemon-sequence.dee
		..\util\test\deemon-set-compare.dee = ..\util\test\deemon-set-compare.dee
		..\util\test\deemon-string-asnumeric.dee = ..\util\test\deemon-string-asnumeric.dee
		..\util\test\deemon-string-audit.dee = ..\util\test\deemon-string-audit.dee
		..\util\test\deemon-string-casefold.dee = ..\util\test\deemon-string-casefold.dee
		..\util\test\deemon-string-cformat.dee = ..\util\test\deemon-string-cformat.dee
		..\util\test\deemon-string-compare-bytes.dee = ..\util\test\deemon-string-compare-bytes.dee
		..\util\test\deemon-string-compare.dee = ..\util\test\deemon-string-compare.dee
		..\util\test\deemon-string-encoding.dee = ..\util\test\deemon-string-encoding.dee
		..\util\test\deemon-string-find.dee = ..\util\test\deemon-string-find.dee
		..\util\test\deemon-string-findany.dee = ..\util\test\deemon-string-findany.dee
		..\util\test\deemon-string-findempty.dee = ..\util\test\deemon-string-findempty.dee
		..\util\test\deemon-string-format-extended.dee = ..\util\test\deemon-string-format-extended.dee
		..\util\test\deemon-string-isspace.dee = ..\util\test\deemon-string-isspace.dee
		..\util\test\deemon-string-join.dee = ..\util\test\deemon-string-join.dee
		..\util\test\deemon-string-quote.dee = ..\util\test\deemon-string-quote.dee
		..\util\test\deemon-string-regex.dee = ..\util\test\deemon-string-regex.dee
		..\util\test\deemon-string-reglocateall.dee = ..\util\test\deemon-string-reglocateall.dee
		..\util\test\deemon-string-repeat.dee = ..\util\test\deemon-string-repeat.dee
		..\util\test\deemon-string-replace.dee = ..\util\test\deemon-string-replace.dee
		..\util\test\deemon-string-scanf.dee = ..\util\test\deemon-string-scanf.dee
		..\util\test\deemon-string-sstrip.dee = ..\util\test\deemon-string-sstrip.dee
		..\util\test\deemon-string-strip.dee = ..\util\test\deemon-string-strip.dee
		..\util\test\deemon-string-striplines.dee = ..\util\test\deemon-string-striplines.dee
		..\util\test\deemon-string.dee = ..\util\test\deemon-string.dee
		..\util\test\deemon-type-mro.dee = ..\util\test\deemon-type-mro.dee
		..\util\test\deemon-type-newinstance.dee = ..\util\test\deemon-type-newinstance.dee
		..\util\test\deemon-unified-method-hints.dee = ..\util\test\deemon-unified-method-hints.dee
		..\util\test\deemon-yield-function-ddi-symbols.dee = ..\util\test\deemon-yield-function-ddi-symbols.dee
		..\util\test\deemon-yield-function-manual-stack-push.dee = ..\util\test\deemon-yield-function-manual-stack-push.dee
		..\util\test\deemon-yield-function-with-kwds.dee = ..\util\test\deemon-yield-function-with-kwds.dee
		..\util\test\hashlib.dee = ..\util\test\hashlib.dee
		..\util\test\hostasm-regression.dee = ..\util\test\hostasm-regression.dee
		..\util\test\jit-c-style-struct.dee = ..\util\test\jit-c-style-struct.dee
		..\util\test\jit-function-reference.dee = ..\util\test\jit-function-reference.dee
		..\util\test\jit-import.dee = ..\util\test\jit-import.dee
		..\util\test\jit.dee = ..\util\test\jit.dee
		..\util\test\json.dee = ..\util\test\json.dee
		..\util\test\misc-cover.dee = ..\util\test\misc-cover.dee
		..\util\test\misc-import-lib.dee = ..\util\test\misc-import-lib.dee
		..\util\test\posix-DIR.dee = ..\util\test\posix-DIR.dee
		..\util\test\posix-walklink.dee = ..\util\test\posix-walklink.dee
		..\util\test\rt-classdescriptor-reprcopy.dee = ..\util\test\rt-classdescriptor-reprcopy.dee
		..\util\test\rt-code-constructor.dee = ..\util\test\rt-code-constructor.dee
		..\util\test\rt-hash.dee = ..\util\test\rt-hash.dee
		..\util\test\rt-linkage.dee = ..\util\test\rt-linkage.dee
		..\util\test\rt-string-fini-hook.dee = ..\util\test\rt-string-fini-hook.dee
		..\util\test\threading-lock.dee = ..\util\test\threading-lock.dee
		..\util\test\threading-once.dee = ..\util\test\threading-once.dee
		..\util\test\time-month.dee = ..\util\test\time-month.dee
		..\util\test\time-string-format.dee = ..\util\test\time-string-format.dee
		..\util\test\time-time.dee = ..\util\test\time-time.dee
		..\util\test\util-clamprange.dee = ..\util\test\util-clamprange.dee
	EndProjectSection
EndProject
Project("{2150E333-8FDC-42A3-9474-1A3956D46DE8}") = "tut", "tut", "{2360741E-FB49-40D4-B684-00000F42E6DC}"
	ProjectSection(SolutionItems) = preProject
		..\util\tut\001_hello_world.dee = ..\util\tut\001_hello_world.dee
		..\util\tut\002_strings.dee = ..\util\tut\002_strings.dee
		..\util\tut\003_arithmetic.dee = ..\util\tut\003_arithmetic.dee
		..\util\tut\004_conversion_operators.dee = ..\util\tut\004_conversion_operators.dee
		..\util\tut\005_sequence_operators.dee = ..\util\tut\005_sequence_operators.dee
		..\util\tut\006_variables.dee = ..\util\tut\006_variables.dee
		..\util\tut\007_predefined_symbols.dee = ..\util\tut\007_predefined_symbols.dee
		..\util\tut\008_statements.dee = ..\util\tut\008_statements.dee
		..\util\tut\009_functions.dee = ..\util\tut\009_functions.dee
		..\util\tut\00A_classes.dee = ..\util\tut\00A_classes.dee
		..\util\tut\00B_going_further.dee = ..\util\tut\00B_going_further.dee
		..\util\tut\demo_module.dee = ..\util\tut\demo_module.dee
	EndProjectSection
EndProject
Project("{2150E333-8FDC-42A3-9474-1A3956D46DE8}") = "assorted", "assorted", "{2360741E-FB49-40D4-B684-C63EFA43917B}"
	ProjectSection(SolutionItems) = preProject
		..\util\tut\assorted\af_unix_socket.dee = ..\util\tut\assorted\af_unix_socket.dee
		..\util\tut\assorted\classes.dee = ..\util\tut\assorted\classes.dee
		..\util\tut\assorted\conversion_operator.dee = ..\util\tut\assorted\conversion_operator.dee
		..\util\tut\assorted\deemon_format.dee = ..\util\tut\assorted\deemon_format.dee
		..\util\tut\assorted\destructor_hax.dee = ..\util\tut\assorted\destructor_hax.dee
		..\util\tut\assorted\enum_attributes.dee = ..\util\tut\assorted\enum_attributes.dee
		..\util\tut\assorted\expand_expressions.dee = ..\util\tut\assorted\expand_expressions.dee
		..\util\tut\assorted\extern_function.dee = ..\util\tut\assorted\extern_function.dee
		..\util\tut\assorted\fancy_loading.dee = ..\util\tut\assorted\fancy_loading.dee
		..\util\tut\assorted\generators.dee = ..\util\tut\assorted\generators.dee
		..\util\tut\assorted\linked_list.dee = ..\util\tut\assorted\linked_list.dee
		..\util\tut\assorted\list_env.dee = ..\util\tut\assorted\list_env.dee
		..\util\tut\assorted\more_class_fun.dee = ..\util\tut\assorted\more_class_fun.dee
		..\util\tut\assorted\nametuple.dee = ..\util\tut\assorted\nametuple.dee
		..\util\tut\assorted\pipe_thread.dee = ..\util\tut\assorted\pipe_thread.dee
		..\util\tut\assorted\python_style_main.dee = ..\util\tut\assorted\python_style_main.dee
		..\util\tut\assorted\runall.sh = ..\util\tut\assorted\runall.sh
		..\util\tut\assorted\simple_echo.dee = ..\util\tut\assorted\simple_echo.dee
		..\util\tut\assorted\simple_io.dee = ..\util\tut\assorted\simple_io.dee
		..\util\tut\assorted\simple_scanf.dee = ..\util\tut\assorted\simple_scanf.dee
		..\util\tut\assorted\super_classes.dee = ..\util\tut\assorted\super_classes.dee
		..\util\tut\assorted\thread_punishment.dee = ..\util\tut\assorted\thread_punishment.dee
		..\util\tut\assorted\walk_path.dee = ..\util\tut\assorted\walk_path.dee
		..\util\tut\assorted\win32_process.dee = ..\util\tut\assorted\win32_process.dee
		..\util\tut\assorted\yield_awesomeness.dee = ..\util\tut\assorted\yield_awesomeness.dee
		..\util\tut\assorted\yield_iter_copy.dee = ..\util\tut\assorted\yield_iter_copy.dee
	EndProjectSection
EndProject
Global
	GlobalSection(SolutionConfigurationPlatforms) = preSolution
		Debug-MSVC (NDEBUG)|Win32 = Debug-MSVC (NDEBUG)|Win32
		Debug-MSVC (NDEBUG)|x64 = Debug-MSVC (NDEBUG)|x64
		Debug-MSVC|Win32 = Debug-MSVC|Win32
		Debug-MSVC|x64 = Debug-MSVC|x64
		Release-MSVC (NDEBUG)|Win32 = Release-MSVC (NDEBUG)|Win32
		Release-MSVC (NDEBUG)|x64 = Release-MSVC (NDEBUG)|x64
		Release-MSVC|Win32 = Release-MSVC|Win32
		Release-MSVC|x64 = Release-MSVC|x64
	EndGlobalSection
	GlobalSection(ProjectConfigurationPlatforms) = postSolution
		{86D226C5-EF62-4562-AC06-E6A753DFA7CF}.Debug-MSVC (NDEBUG)|Win32.ActiveCfg = Debug-MSVC (NDEBUG)|Win32
		{86D226C5-EF62-4562-AC06-E6A753DFA7CF}.Debug-MSVC (NDEBUG)|Win32.Build.0 = Debug-MSVC (NDEBUG)|Win32
		{86D226C5-EF62-4562-AC06-E6A753DFA7CF}.Debug-MSVC (NDEBUG)|x64.ActiveCfg = Debug-MSVC (NDEBUG)|x64
		{86D226C5-EF62-4562-AC06-E6A753DFA7CF}.Debug-MSVC (NDEBUG)|x64.Build.0 = Debug-MSVC (NDEBUG)|x64
		{86D226C5-EF62-4562-AC06-E6A753DFA7CF}.Debug-MSVC|Win32.ActiveCfg = Debug-MSVC|Win32
		{86D226C5-EF62-4562-AC06-E6A753DFA7CF}.Debug-MSVC|Win32.Build.0 = Debug-MSVC|Win32
		{86D226C5-EF62-4562-AC06-E6A753DFA7CF}.Debug-MSVC|x64.ActiveCfg = Debug-MSVC|x64
		{86D226C5-EF62-4562-AC06-E6A753DFA7CF}.Debug-MSVC|x64.Build.0 = Debug-MSVC|x64
		{86D226C5-EF62-4562-AC06-E6A753DFA7CF}.Release-MSVC (NDEBUG)|Win32.ActiveCfg = Release-MSVC (NDEBUG)|Win32
		{86D226C5-EF62-4562-AC06-E6A753DFA7CF}.Release-MSVC (NDEBUG)|Win32.Build.0 = Release-MSVC (NDEBUG)|Win32
		{86D226C5-EF62-4562-AC06-E6A753DFA7CF}.Release-MSVC (NDEBUG)|x64.ActiveCfg = Release-MSVC (NDEBUG)|x64
		{86D226C5-EF62-4562-AC06-E6A753DFA7CF}.Release-MSVC (NDEBUG)|x64.Build.0 = Release-MSVC (NDEBUG)|x64
		{86D226C5-EF62-4562-AC06-E6A753DFA7CF}.Release-MSVC|Win32.ActiveCfg = Release-MSVC|Win32
		{86D226C5-EF62-4562-AC06-E6A753DFA7CF}.Release-MSVC|Win32.Build.0 = Release-MSVC|Win32
		{86D226C5-EF62-4562-AC06-E6A753DFA7CF}.Release-MSVC|x64.ActiveCfg = Release-MSVC|x64
		{86D226C5-EF62-4562-AC06-E6A753DFA7CF}.Release-MSVC|x64.Build.0 = Release-MSVC|x64
		{85DE4E2D-552A-48E3-A320-00000A7043B5}.Debug-MSVC (NDEBUG)|Win32.ActiveCfg = Debug-MSVC (NDEBUG)|Win32
		{85DE4E2D-552A-48E3-A320-00000A7043B5}.Debug-MSVC (NDEBUG)|Win32.Build.0 = Debug-MSVC (NDEBUG)|Win32
		{85DE4E2D-552A-48E3-A320-00000A7043B5}.Debug-MSVC (NDEBUG)|x64.ActiveCfg = Debug-MSVC (NDEBUG)|x64
		{85DE4E2D-552A-48E3-A320-00000A7043B5}.Debug-MSVC (NDEBUG)|x64.Build.0 = Debug-MSVC (NDEBUG)|x64
		{85DE4E2D-552A-48E3-A320-00000A7043B5}.Debug-MSVC|Win32.ActiveCfg = Debug-MSVC|Win32
		{85DE4E2D-552A-48E3-A320-00000A7043B5}.Debug-MSVC|Win32.Build.0 = Debug-MSVC|Win32
		{85DE4E2D-552A-48E3-A320-00000A7043B5}.Debug-MSVC|x64.ActiveCfg = Debug-MSVC|x64
		{85DE4E2D-552A-48E3-A320-00000A7043B5}.Debug-MSVC|x64.Build.0 = Debug-MSVC|x64
		{85DE4E2D-552A-48E3-A320-00000A7043B5}.Release-MSVC (NDEBUG)|Win32.ActiveCfg = Release-MSVC (NDEBUG)|Win32
		{85DE4E2D-552A-48E3-A320-00000A7043B5}.Release-MSVC (NDEBUG)|Win32.Build.0 = Release-MSVC (NDEBUG)|Win32
		{85DE4E2D-552A-48E3-A320-00000A7043B5}.Release-MSVC (NDEBUG)|x64.ActiveCfg = Release-MSVC (NDEBUG)|x64
		{85DE4E2D-552A-48E3-A320-00000A7043B5}.Release-MSVC (NDEBUG)|x64.Build.0 = Release-MSVC (NDEBUG)|x64
		{85DE4E2D-552A-48E3-A320-00000A7043B5}.Release-MSVC|Win32.ActiveCfg = Release-MSVC|Win32
		{85DE4E2D-552A-48E3-A320-00000A7043B5}.Release-MSVC|Win32.Build.0 = Release-MSVC|Win32
		{85DE4E2D-552A-48E3-A320-00000A7043B5}.Release-MSVC|x64.ActiveCfg = Release-MSVC|x64
		{85DE4E2D-552A-48E3-A320-00000A7043B5}.Release-MSVC|x64.Build.0 = Release-MSVC|x64
		{85DE4E2D-552A-48E3-A320-00000A11F74B}.Debug-MSVC (NDEBUG)|Win32.ActiveCfg = Debug-MSVC (NDEBUG)|Win32
		{85DE4E2D-552A-48E3-A320-00000A11F74B}.Debug-MSVC (NDEBUG)|Win32.Build.0 = Debug-MSVC (NDEBUG)|Win32
		{85DE4E2D-552A-48E3-A320-00000A11F74B}.Debug-MSVC (NDEBUG)|x64.ActiveCfg = Debug-MSVC (NDEBUG)|x64
		{85DE4E2D-552A-48E3-A320-00000A11F74B}.Debug-MSVC (NDEBUG)|x64.Build.0 = Debug-MSVC (NDEBUG)|x64
		{85DE4E2D-552A-48E3-A320-00000A11F74B}.Debug-MSVC|Win32.ActiveCfg = Debug-MSVC|Win32
		{85DE4E2D-552A-48E3-A320-00000A11F74B}.Debug-MSVC|Win32.Build.0 = Debug-MSVC|Win32
		{85DE4E2D-552A-48E3-A320-00000A11F74B}.Debug-MSVC|x64.ActiveCfg = Debug-MSVC|x64
		{85DE4E2D-552A-48E3-A320-00000A11F74B}.Debug-MSVC|x64.Build.0 = Debug-MSVC|x64
		{85DE4E2D-552A-48E3-A320-00000A11F74B}.Release-MSVC (NDEBUG)|Win32.ActiveCfg = Release-MSVC (NDEBUG)|Win32
		{85DE4E2D-552A-48E3-A320-00000A11F74B}.Release-MSVC (NDEBUG)|Win32.Build.0 = Release-MSVC (NDEBUG)|Win32
		{85DE4E2D-552A-48E3-A320-00000A11F74B}.Release-MSVC (NDEBUG)|x64.ActiveCfg = Release-MSVC (NDEBUG)|x64
		{85DE4E2D-552A-48E3-A320-00000A11F74B}.Release-MSVC (NDEBUG)|x64.Build.0 = Release-MSVC (NDEBUG)|x64
		{85DE4E2D-552A-48E3-A320-00000A11F74B}.Release-MSVC|Win32.ActiveCfg = Release-MSVC|Win32
		{85DE4E2D-552A-48E3-A320-00000A11F74B}.Release-MSVC|Win32.Build.0 = Release-MSVC|Win32
		{85DE4E2D-552A-48E3-A320-00000A11F74B}.Release-MSVC|x64.ActiveCfg = Release-MSVC|x64
		{85DE4E2D-552A-48E3-A320-00000A11F74B}.Release-MSVC|x64.Build.0 = Release-MSVC|x64
		{85DE4E2D-552A-48E3-A320-001BD8220AC3}.Debug-MSVC (NDEBUG)|Win32.ActiveCfg = Debug-MSVC (NDEBUG)|Win32
		{85DE4E2D-552A-48E3-A320-001BD8220AC3}.Debug-MSVC (NDEBUG)|Win32.Build.0 = Debug-MSVC (NDEBUG)|Win32
		{85DE4E2D-552A-48E3-A320-001BD8220AC3}.Debug-MSVC (NDEBUG)|x64.ActiveCfg = Debug-MSVC (NDEBUG)|x64
		{85DE4E2D-552A-48E3-A320-001BD8220AC3}.Debug-MSVC (NDEBUG)|x64.Build.0 = Debug-MSVC (NDEBUG)|x64
		{85DE4E2D-552A-48E3-A320-001BD8220AC3}.Debug-MSVC|Win32.ActiveCfg = Debug-MSVC|Win32
		{85DE4E2D-552A-48E3-A320-001BD8220AC3}.Debug-MSVC|Win32.Build.0 = Debug-MSVC|Win32
		{85DE4E2D-552A-48E3-A320-001BD8220AC3}.Debug-MSVC|x64.ActiveCfg = Debug-MSVC|x64
		{85DE4E2D-552A-48E3-A320-001BD8220AC3}.Debug-MSVC|x64.Build.0 = Debug-MSVC|x64
		{85DE4E2D-552A-48E3-A320-001BD8220AC3}.Release-MSVC (NDEBUG)|Win32.ActiveCfg = Release-MSVC (NDEBUG)|Win32
		{85DE4E2D-552A-48E3-A320-001BD8220AC3}.Release-MSVC (NDEBUG)|Win32.Build.0 = Release-MSVC (NDEBUG)|Win32
		{85DE4E2D-552A-48E3-A320-001BD8220AC3}.Release-MSVC (NDEBUG)|x64.ActiveCfg = Release-MSVC (NDEBUG)|x64
		{85DE4E2D-552A-48E3-A320-001BD8220AC3}.Release-MSVC (NDEBUG)|x64.Build.0 = Release-MSVC (NDEBUG)|x64
		{85DE4E2D-552A-48E3-A320-001BD8220AC3}.Release-MSVC|Win32.ActiveCfg = Release-MSVC|Win32
		{85DE4E2D-552A-48E3-A320-001BD8220AC3}.Release-MSVC|Win32.Build.0 = Release-MSVC|Win32
		{85DE4E2D-552A-48E3-A320-001BD8220AC3}.Release-MSVC|x64.ActiveCfg = Release-MSVC|x64
		{85DE4E2D-552A-48E3-A320-001BD8220AC3}.Release-MSVC|x64.Build.0 = Release-MSVC|x64
		{85DE4E2D-552A-48E3-A320-000000362D5B}.Debug-MSVC (NDEBUG)|Win32.ActiveCfg = Debug-MSVC (NDEBUG)|Win32
		{85DE4E2D-552A-48E3-A320-000000362D5B}.Debug-MSVC (NDEBUG)|Win32.Build.0 = Debug-MSVC (NDEBUG)|Win32
		{85DE4E2D-552A-48E3-A320-000000362D5B}.Debug-MSVC (NDEBUG)|x64.ActiveCfg = Debug-MSVC (NDEBUG)|x64
		{85DE4E2D-552A-48E3-A320-000000362D5B}.Debug-MSVC (NDEBUG)|x64.Build.0 = Debug-MSVC (NDEBUG)|x64
		{85DE4E2D-552A-48E3-A320-000000362D5B}.Debug-MSVC|Win32.ActiveCfg = Debug-MSVC|Win32
		{85DE4E2D-552A-48E3-A320-000000362D5B}.Debug-MSVC|Win32.Build.0 = Debug-MSVC|Win32
		{85DE4E2D-552A-48E3-A320-000000362D5B}.Debug-MSVC|x64.ActiveCfg = Debug-MSVC|x64
		{85DE4E2D-552A-48E3-A320-000000362D5B}.Debug-MSVC|x64.Build.0 = Debug-MSVC|x64
		{85DE4E2D-552A-48E3-A320-000000362D5B}.Release-MSVC (NDEBUG)|Win32.ActiveCfg = Release-MSVC (NDEBUG)|Win32
		{85DE4E2D-552A-48E3-A320-000000362D5B}.Release-MSVC (NDEBUG)|Win32.Build.0 = Release-MSVC (NDEBUG)|Win32
		{85DE4E2D-552A-48E3-A320-000000362D5B}.Release-MSVC (NDEBUG)|x64.ActiveCfg = Release-MSVC (NDEBUG)|x64
		{85DE4E2D-552A-48E3-A320-000000362D5B}.Release-MSVC (NDEBUG)|x64.Build.0 = Release-MSVC (NDEBUG)|x64
		{85DE4E2D-552A-48E3-A320-000000362D5B}.Release-MSVC|Win32.ActiveCfg = Release-MSVC|Win32
		{85DE4E2D-552A-48E3-A320-000000362D5B}.Release-MSVC|Win32.Build.0 = Release-MSVC|Win32
		{85DE4E2D-552A-48E3-A320-000000362D5B}.Release-MSVC|x64.ActiveCfg = Release-MSVC|x64
		{85DE4E2D-552A-48E3-A320-000000362D5B}.Release-MSVC|x64.Build.0 = Release-MSVC|x64
		{85DE4E2D-552A-48E3-A320-00D1B6988C5A}.Debug-MSVC (NDEBUG)|Win32.ActiveCfg = Debug-MSVC (NDEBUG)|Win32
		{85DE4E2D-552A-48E3-A320-00D1B6988C5A}.Debug-MSVC (NDEBUG)|Win32.Build.0 = Debug-MSVC (NDEBUG)|Win32
		{85DE4E2D-552A-48E3-A320-00D1B6988C5A}.Debug-MSVC (NDEBUG)|x64.ActiveCfg = Debug-MSVC (NDEBUG)|x64
		{85DE4E2D-552A-48E3-A320-00D1B6988C5A}.Debug-MSVC (NDEBUG)|x64.Build.0 = Debug-MSVC (NDEBUG)|x64
		{85DE4E2D-552A-48E3-A320-00D1B6988C5A}.Debug-MSVC|Win32.ActiveCfg = Debug-MSVC|Win32
		{85DE4E2D-552A-48E3-A320-00D1B6988C5A}.Debug-MSVC|Win32.Build.0 = Debug-MSVC|Win32
		{85DE4E2D-552A-48E3-A320-00D1B6988C5A}.Debug-MSVC|x64.ActiveCfg = Debug-MSVC|x64
		{85DE4E2D-552A-48E3-A320-00D1B6988C5A}.Debug-MSVC|x64.Build.0 = Debug-MSVC|x64
		{85DE4E2D-552A-48E3-A320-00D1B6988C5A}.Release-MSVC (NDEBUG)|Win32.ActiveCfg = Release-MSVC (NDEBUG)|Win32
		{85DE4E2D-552A-48E3-A320-00D1B6988C5A}.Release-MSVC (NDEBUG)|Win32.Build.0 = Release-MSVC (NDEBUG)|Win32
		{85DE4E2D-552A-48E3-A320-00D1B6988C5A}.Release-MSVC (NDEBUG)|x64.ActiveCfg = Release-MSVC (NDEBUG)|x64
		{85DE4E2D-552A-48E3-A320-00D1B6988C5A}.Release-MSVC (NDEBUG)|x64.Build.0 = Release-MSVC (NDEBUG)|x64
		{85DE4E2D-552A-48E3-A320-00D1B6988C5A}.Release-MSVC|Win32.ActiveCfg = Release-MSVC|Win32
		{85DE4E2D-552A-48E3-A320-00D1B6988C5A}.Release-MSVC|Win32.Build.0 = Release-MSVC|Win32
		{85DE4E2D-552A-48E3-A320-00D1B6988C5A}.Release-MSVC|x64.ActiveCfg = Release-MSVC|x64
		{85DE4E2D-552A-48E3-A320-00D1B6988C5A}.Release-MSVC|x64.Build.0 = Release-MSVC|x64
		{85DE4E2D-552A-48E3-A320-00000006AA5B}.Debug-MSVC (NDEBUG)|Win32.ActiveCfg = Debug-MSVC (NDEBUG)|Win32
		{85DE4E2D-552A-48E3-A320-00000006AA5B}.Debug-MSVC (NDEBUG)|Win32.Build.0 = Debug-MSVC (NDEBUG)|Win32
		{85DE4E2D-552A-48E3-A320-00000006AA5B}.Debug-MSVC (NDEBUG)|x64.ActiveCfg = Debug-MSVC (NDEBUG)|x64
		{85DE4E2D-552A-48E3-A320-00000006AA5B}.Debug-MSVC (NDEBUG)|x64.Build.0 = Debug-MSVC (NDEBUG)|x64
		{85DE4E2D-552A-48E3-A320-00000006AA5B}.Debug-MSVC|Win32.ActiveCfg = Debug-MSVC|Win32
		{85DE4E2D-552A-48E3-A320-00000006AA5B}.Debug-MSVC|Win32.Build.0 = Debug-MSVC|Win32
		{85DE4E2D-552A-48E3-A320-00000006AA5B}.Debug-MSVC|x64.ActiveCfg = Debug-MSVC|x64
		{85DE4E2D-552A-48E3-A320-00000006AA5B}.Debug-MSVC|x64.Build.0 = Debug-MSVC|x64
		{85DE4E2D-552A-48E3-A320-00000006AA5B}.Release-MSVC (NDEBUG)|Win32.ActiveCfg = Release-MSVC (NDEBUG)|Win32
		{85DE4E2D-552A-48E3-A320-00000006AA5B}.Release-MSVC (NDEBUG)|Win32.Build.0 = Release-MSVC (NDEBUG)|Win32
		{85DE4E2D-552A-48E3-A320-00000006AA5B}.Release-MSVC (NDEBUG)|x64.ActiveCfg = Release-MSVC (NDEBUG)|x64
		{85DE4E2D-552A-48E3-A320-00000006AA5B}.Release-MSVC (NDEBUG)|x64.Build.0 = Release-MSVC (NDEBUG)|x64
		{85DE4E2D-552A-48E3-A320-00000006AA5B}.Release-MSVC|Win32.ActiveCfg = Release-MSVC|Win32
		{85DE4E2D-552A-48E3-A320-00000006AA5B}.Release-MSVC|Win32.Build.0 = Release-MSVC|Win32
		{85DE4E2D-552A-48E3-A320-00000006AA5B}.Release-MSVC|x64.ActiveCfg = Release-MSVC|x64
		{85DE4E2D-552A-48E3-A320-00000006AA5B}.Release-MSVC|x64.Build.0 = Release-MSVC|x64
		{85DE4E2D-552A-48E3-A320-00000197782A}.Debug-MSVC (NDEBUG)|Win32.ActiveCfg = Debug-MSVC (NDEBUG)|Win32
		{85DE4E2D-552A-48E3-A320-00000197782A}.Debug-MSVC (NDEBUG)|Win32.Build.0 = Debug-MSVC (NDEBUG)|Win32
		{85DE4E2D-552A-48E3-A320-00000197782A}.Debug-MSVC (NDEBUG)|x64.ActiveCfg = Debug-MSVC (NDEBUG)|x64
		{85DE4E2D-552A-48E3-A320-00000197782A}.Debug-MSVC (NDEBUG)|x64.Build.0 = Debug-MSVC (NDEBUG)|x64
		{85DE4E2D-552A-48E3-A320-00000197782A}.Debug-MSVC|Win32.ActiveCfg = Debug-MSVC|Win32
		{85DE4E2D-552A-48E3-A320-00000197782A}.Debug-MSVC|Win32.Build.0 = Debug-MSVC|Win32
		{85DE4E2D-552A-48E3-A320-00000197782A}.Debug-MSVC|x64.ActiveCfg = Debug-MSVC|x64
		{85DE4E2D-552A-48E3-A320-00000197782A}.Debug-MSVC|x64.Build.0 = Debug-MSVC|x64
		{85DE4E2D-552A-48E3-A320-00000197782A}.Release-MSVC (NDEBUG)|Win32.ActiveCfg = Release-MSVC (NDEBUG)|Win32
		{85DE4E2D-552A-48E3-A320-00000197782A}.Release-MSVC (NDEBUG)|Win32.Build.0 = Release-MSVC (NDEBUG)|Win32
		{85DE4E2D-552A-48E3-A320-00000197782A}.Release-MSVC (NDEBUG)|x64.ActiveCfg = Release-MSVC (NDEBUG)|x64
		{85DE4E2D-552A-48E3-A320-00000197782A}.Release-MSVC (NDEBUG)|x64.Build.0 = Release-MSVC (NDEBUG)|x64
		{85DE4E2D-552A-48E3-A320-00000197782A}.Release-MSVC|Win32.ActiveCfg = Release-MSVC|Win32
		{85DE4E2D-552A-48E3-A320-00000197782A}.Release-MSVC|Win32.Build.0 = Release-MSVC|Win32
		{85DE4E2D-552A-48E3-A320-00000197782A}.Release-MSVC|x64.ActiveCfg = Release-MSVC|x64
		{85DE4E2D-552A-48E3-A320-00000197782A}.Release-MSVC|x64.Build.0 = Release-MSVC|x64
		{85DE4E2D-552A-48E3-A320-0000000019A3}.Debug-MSVC (NDEBUG)|Win32.ActiveCfg = Debug-MSVC (NDEBUG)|Win32
		{85DE4E2D-552A-48E3-A320-0000000019A3}.Debug-MSVC (NDEBUG)|Win32.Build.0 = Debug-MSVC (NDEBUG)|Win32
		{85DE4E2D-552A-48E3-A320-0000000019A3}.Debug-MSVC (NDEBUG)|x64.ActiveCfg = Debug-MSVC (NDEBUG)|x64
		{85DE4E2D-552A-48E3-A320-0000000019A3}.Debug-MSVC (NDEBUG)|x64.Build.0 = Debug-MSVC (NDEBUG)|x64
		{85DE4E2D-552A-48E3-A320-0000000019A3}.Debug-MSVC|Win32.ActiveCfg = Debug-MSVC|Win32
		{85DE4E2D-552A-48E3-A320-0000000019A3}.Debug-MSVC|Win32.Build.0 = Debug-MSVC|Win32
		{85DE4E2D-552A-48E3-A320-0000000019A3}.Debug-MSVC|x64.ActiveCfg = Debug-MSVC|x64
		{85DE4E2D-552A-48E3-A320-0000000019A3}.Debug-MSVC|x64.Build.0 = Debug-MSVC|x64
		{85DE4E2D-552A-48E3-A320-0000000019A3}.Release-MSVC (NDEBUG)|Win32.ActiveCfg = Release-MSVC (NDEBUG)|Win32
		{85DE4E2D-552A-48E3-A320-0000000019A3}.Release-MSVC (NDEBUG)|Win32.Build.0 = Release-MSVC (NDEBUG)|Win32
		{85DE4E2D-552A-48E3-A320-0000000019A3}.Release-MSVC (NDEBUG)|x64.ActiveCfg = Release-MSVC (NDEBUG)|x64
		{85DE4E2D-552A-48E3-A320-0000000019A3}.Release-MSVC (NDEBUG)|x64.Build.0 = Release-MSVC (NDEBUG)|x64
		{85DE4E2D-552A-48E3-A320-0000000019A3}.Release-MSVC|Win32.ActiveCfg = Release-MSVC|Win32
		{85DE4E2D-552A-48E3-A320-0000000019A3}.Release-MSVC|Win32.Build.0 = Release-MSVC|Win32
		{85DE4E2D-552A-48E3-A320-0000000019A3}.Release-MSVC|x64.ActiveCfg = Release-MSVC|x64
		{85DE4E2D-552A-48E3-A320-0000000019A3}.Release-MSVC|x64.Build.0 = Release-MSVC|x64
		{85DE4E2D-552A-48E3-A320-00000000CBD6}.Debug-MSVC (NDEBUG)|Win32.ActiveCfg = Debug-MSVC (NDEBUG)|Win32
		{85DE4E2D-552A-48E3-A320-00000000CBD6}.Debug-MSVC (NDEBUG)|Win32.Build.0 = Debug-MSVC (NDEBUG)|Win32
		{85DE4E2D-552A-48E3-A320-00000000CBD6}.Debug-MSVC (NDEBUG)|x64.ActiveCfg = Debug-MSVC (NDEBUG)|x64
		{85DE4E2D-552A-48E3-A320-00000000CBD6}.Debug-MSVC (NDEBUG)|x64.Build.0 = Debug-MSVC (NDEBUG)|x64
		{85DE4E2D-552A-48E3-A320-00000000CBD6}.Debug-MSVC|Win32.ActiveCfg = Debug-MSVC|Win32
		{85DE4E2D-552A-48E3-A320-00000000CBD6}.Debug-MSVC|Win32.Build.0 = Debug-MSVC|Win32
		{85DE4E2D-552A-48E3-A320-00000000CBD6}.Debug-MSVC|x64.ActiveCfg = Debug-MSVC|x64
		{85DE4E2D-552A-48E3-A320-00000000CBD6}.Debug-MSVC|x64.Build.0 = Debug-MSVC|x64
		{85DE4E2D-552A-48E3-A320-00000000CBD6}.Release-MSVC (NDEBUG)|Win32.ActiveCfg = Release-MSVC (NDEBUG)|Win32
		{85DE4E2D-552A-48E3-A320-00000000CBD6}.Release-MSVC (NDEBUG)|Win32.Build.0 = Release-MSVC (NDEBUG)|Win32
		{85DE4E2D-552A-48E3-A320-00000000CBD6}.Release-MSVC (NDEBUG)|x64.ActiveCfg = Release-MSVC (NDEBUG)|x64
		{85DE4E2D-552A-48E3-A320-00000000CBD6}.Release-MSVC (NDEBUG)|x64.Build.0 = Release-MSVC (NDEBUG)|x64
		{85DE4E2D-552A-48E3-A320-00000000CBD6}.Release-MSVC|Win32.ActiveCfg = Release-MSVC|Win32
		{85DE4E2D-552A-48E3-A320-00000000CBD6}.Release-MSVC|Win32.Build.0 = Release-MSVC|Win32
		{85DE4E2D-552A-48E3-A320-00000000CBD6}.Release-MSVC|x64.ActiveCfg = Release-MSVC|x64
		{85DE4E2D-552A-48E3-A320-00000000CBD6}.Release-MSVC|x64.Build.0 = Release-MSVC|x64
		{85DE4E2D-552A-48E3-A320-00000000C188}.Debug-MSVC (NDEBUG)|Win32.ActiveCfg = Debug-MSVC (NDEBUG)|Win32
		{85DE4E2D-552A-48E3-A320-00000000C188}.Debug-MSVC (NDEBUG)|Win32.Build.0 = Debug-MSVC (NDEBUG)|Win32
		{85DE4E2D-552A-48E3-A320-00000000C188}.Debug-MSVC (NDEBUG)|x64.ActiveCfg = Debug-MSVC (NDEBUG)|x64
		{85DE4E2D-552A-48E3-A320-00000000C188}.Debug-MSVC (NDEBUG)|x64.Build.0 = Debug-MSVC (NDEBUG)|x64
		{85DE4E2D-552A-48E3-A320-00000000C188}.Debug-MSVC|Win32.ActiveCfg = Debug-MSVC|Win32
		{85DE4E2D-552A-48E3-A320-00000000C188}.Debug-MSVC|Win32.Build.0 = Debug-MSVC|Win32
		{85DE4E2D-552A-48E3-A320-00000000C188}.Debug-MSVC|x64.ActiveCfg = Debug-MSVC|x64
		{85DE4E2D-552A-48E3-A320-00000000C188}.Debug-MSVC|x64.Build.0 = Debug-MSVC|x64
		{85DE4E2D-552A-48E3-A320-00000000C188}.Release-MSVC (NDEBUG)|Win32.ActiveCfg = Release-MSVC (NDEBUG)|Win32
		{85DE4E2D-552A-48E3-A320-00000000C188}.Release-MSVC (NDEBUG)|Win32.Build.0 = Release-MSVC (NDEBUG)|Win32
		{85DE4E2D-552A-48E3-A320-00000000C188}.Release-MSVC (NDEBUG)|x64.ActiveCfg = Release-MSVC (NDEBUG)|x64
		{85DE4E2D-552A-48E3-A320-00000000C188}.Release-MSVC (NDEBUG)|x64.Build.0 = Release-MSVC (NDEBUG)|x64
		{85DE4E2D-552A-48E3-A320-00000000C188}.Release-MSVC|Win32.ActiveCfg = Release-MSVC|Win32
		{85DE4E2D-552A-48E3-A320-00000000C188}.Release-MSVC|Win32.Build.0 = Release-MSVC|Win32
		{85DE4E2D-552A-48E3-A320-00000000C188}.Release-MSVC|x64.ActiveCfg = Release-MSVC|x64
		{85DE4E2D-552A-48E3-A320-00000000C188}.Release-MSVC|x64.Build.0 = Release-MSVC|x64
		{85DE4E2D-552A-48E3-A320-0000000018DC}.Debug-MSVC (NDEBUG)|Win32.ActiveCfg = Debug-MSVC (NDEBUG)|Win32
		{85DE4E2D-552A-48E3-A320-0000000018DC}.Debug-MSVC (NDEBUG)|Win32.Build.0 = Debug-MSVC (NDEBUG)|Win32
		{85DE4E2D-552A-48E3-A320-0000000018DC}.Debug-MSVC (NDEBUG)|x64.ActiveCfg = Debug-MSVC (NDEBUG)|x64
		{85DE4E2D-552A-48E3-A320-0000000018DC}.Debug-MSVC (NDEBUG)|x64.Build.0 = Debug-MSVC (NDEBUG)|x64
		{85DE4E2D-552A-48E3-A320-0000000018DC}.Debug-MSVC|Win32.ActiveCfg = Debug-MSVC|Win32
		{85DE4E2D-552A-48E3-A320-0000000018DC}.Debug-MSVC|Win32.Build.0 = Debug-MSVC|Win32
		{85DE4E2D-552A-48E3-A320-0000000018DC}.Debug-MSVC|x64.ActiveCfg = Debug-MSVC|x64
		{85DE4E2D-552A-48E3-A320-0000000018DC}.Debug-MSVC|x64.Build.0 = Debug-MSVC|x64
		{85DE4E2D-552A-48E3-A320-0000000018DC}.Release-MSVC (NDEBUG)|Win32.ActiveCfg = Release-MSVC (NDEBUG)|Win32
		{85DE4E2D-552A-48E3-A320-0000000018DC}.Release-MSVC (NDEBUG)|Win32.Build.0 = Release-MSVC (NDEBUG)|Win32
		{85DE4E2D-552A-48E3-A320-0000000018DC}.Release-MSVC (NDEBUG)|x64.ActiveCfg = Release-MSVC (NDEBUG)|x64
		{85DE4E2D-552A-48E3-A320-0000000018DC}.Release-MSVC (NDEBUG)|x64.Build.0 = Release-MSVC (NDEBUG)|x64
		{85DE4E2D-552A-48E3-A320-0000000018DC}.Release-MSVC|Win32.ActiveCfg = Release-MSVC|Win32
		{85DE4E2D-552A-48E3-A320-0000000018DC}.Release-MSVC|Win32.Build.0 = Release-MSVC|Win32
		{85DE4E2D-552A-48E3-A320-0000000018DC}.Release-MSVC|x64.ActiveCfg = Release-MSVC|x64
		{85DE4E2D-552A-48E3-A320-0000000018DC}.Release-MSVC|x64.Build.0 = Release-MSVC|x64
		{85DE4E2D-552A-48E3-A320-00000007C1F0}.Debug-MSVC (NDEBUG)|Win32.ActiveCfg = Debug-MSVC (NDEBUG)|Win32
		{85DE4E2D-552A-48E3-A320-00000007C1F0}.Debug-MSVC (NDEBUG)|Win32.Build.0 = Debug-MSVC (NDEBUG)|Win32
		{85DE4E2D-552A-48E3-A320-00000007C1F0}.Debug-MSVC (NDEBUG)|x64.ActiveCfg = Debug-MSVC (NDEBUG)|x64
		{85DE4E2D-552A-48E3-A320-00000007C1F0}.Debug-MSVC (NDEBUG)|x64.Build.0 = Debug-MSVC (NDEBUG)|x64
		{85DE4E2D-552A-48E3-A320-00000007C1F0}.Debug-MSVC|Win32.ActiveCfg = Debug-MSVC|Win32
		{85DE4E2D-552A-48E3-A320-00000007C1F0}.Debug-MSVC|Win32.Build.0 = Debug-MSVC|Win32
		{85DE4E2D-552A-48E3-A320-00000007C1F0}.Debug-MSVC|x64.ActiveCfg = Debug-MSVC|x64
		{85DE4E2D-552A-48E3-A320-00000007C1F0}.Debug-MSVC|x64.Build.0 = Debug-MSVC|x64
		{85DE4E2D-552A-48E3-A320-00000007C1F0}.Release-MSVC (NDEBUG)|Win32.ActiveCfg = Release-MSVC (NDEBUG)|Win32
		{85DE4E2D-552A-48E3-A320-00000007C1F0}.Release-MSVC (NDEBUG)|Win32.Build.0 = Release-MSVC (NDEBUG)|Win32
		{85DE4E2D-552A-48E3-A320-00000007C1F0}.Release-MSVC (NDEBUG)|x64.ActiveCfg = Release-MSVC (NDEBUG)|x64
		{85DE4E2D-552A-48E3-A320-00000007C1F0}.Release-MSVC (NDEBUG)|x64.Build.0 = Release-MSVC (NDEBUG)|x64
		{85DE4E2D-552A-48E3-A320-00000007C1F0}.Release-MSVC|Win32.ActiveCfg = Release-MSVC|Win32
		{85DE4E2D-552A-48E3-A320-00000007C1F0}.Release-MSVC|Win32.Build.0 = Release-MSVC|Win32
		{85DE4E2D-552A-48E3-A320-00000007C1F0}.Release-MSVC|x64.ActiveCfg = Release-MSVC|x64
		{85DE4E2D-552A-48E3-A320-00000007C1F0}.Release-MSVC|x64.Build.0 = Release-MSVC|x64
		{85DE4E2D-552A-48E3-A320-0000000003E4}.Debug-MSVC (NDEBUG)|Win32.ActiveCfg = Debug-MSVC (NDEBUG)|Win32
		{85DE4E2D-552A-48E3-A320-0000000003E4}.Debug-MSVC (NDEBUG)|Win32.Build.0 = Debug-MSVC (NDEBUG)|Win32
		{85DE4E2D-552A-48E3-A320-0000000003E4}.Debug-MSVC (NDEBUG)|x64.ActiveCfg = Debug-MSVC (NDEBUG)|x64
		{85DE4E2D-552A-48E3-A320-0000000003E4}.Debug-MSVC (NDEBUG)|x64.Build.0 = Debug-MSVC (NDEBUG)|x64
		{85DE4E2D-552A-48E3-A320-0000000003E4}.Debug-MSVC|Win32.ActiveCfg = Debug-MSVC|Win32
		{85DE4E2D-552A-48E3-A320-0000000003E4}.Debug-MSVC|Win32.Build.0 = Debug-MSVC|Win32
		{85DE4E2D-552A-48E3-A320-0000000003E4}.Debug-MSVC|x64.ActiveCfg = Debug-MSVC|x64
		{85DE4E2D-552A-48E3-A320-0000000003E4}.Debug-MSVC|x64.Build.0 = Debug-MSVC|x64
		{85DE4E2D-552A-48E3-A320-0000000003E4}.Release-MSVC (NDEBUG)|Win32.ActiveCfg = Release-MSVC (NDEBUG)|Win32
		{85DE4E2D-552A-48E3-A320-0000000003E4}.Release-MSVC (NDEBUG)|Win32.Build.0 = Release-MSVC (NDEBUG)|Win32
		{85DE4E2D-552A-48E3-A320-0000000003E4}.Release-MSVC (NDEBUG)|x64.ActiveCfg = Release-MSVC (NDEBUG)|x64
		{85DE4E2D-552A-48E3-A320-0000000003E4}.Release-MSVC (NDEBUG)|x64.Build.0 = Release-MSVC (NDEBUG)|x64
		{85DE4E2D-552A-48E3-A320-0000000003E4}.Release-MSVC|Win32.ActiveCfg = Release-MSVC|Win32
		{85DE4E2D-552A-48E3-A320-0000000003E4}.Release-MSVC|Win32.Build.0 = Release-MSVC|Win32
		{85DE4E2D-552A-48E3-A320-0000000003E4}.Release-MSVC|x64.ActiveCfg = Release-MSVC|x64
		{85DE4E2D-552A-48E3-A320-0000000003E4}.Release-MSVC|x64.Build.0 = Release-MSVC|x64
		{85DE4E2D-552A-48E3-A320-000001F28C1B}.Debug-MSVC (NDEBUG)|Win32.ActiveCfg = Debug-MSVC (NDEBUG)|Win32
		{85DE4E2D-552A-48E3-A320-000001F28C1B}.Debug-MSVC (NDEBUG)|Win32.Build.0 = Debug-MSVC (NDEBUG)|Win32
		{85DE4E2D-552A-48E3-A320-000001F28C1B}.Debug-MSVC (NDEBUG)|x64.ActiveCfg = Debug-MSVC (NDEBUG)|x64
		{85DE4E2D-552A-48E3-A320-000001F28C1B}.Debug-MSVC (NDEBUG)|x64.Build.0 = Debug-MSVC (NDEBUG)|x64
		{85DE4E2D-552A-48E3-A320-000001F28C1B}.Debug-MSVC|Win32.ActiveCfg = Debug-MSVC|Win32
		{85DE4E2D-552A-48E3-A320-000001F28C1B}.Debug-MSVC|Win32.Build.0 = Debug-MSVC|Win32
		{85DE4E2D-552A-48E3-A320-000001F28C1B}.Debug-MSVC|x64.ActiveCfg = Debug-MSVC|x64
		{85DE4E2D-552A-48E3-A320-000001F28C1B}.Debug-MSVC|x64.Build.0 = Debug-MSVC|x64
		{85DE4E2D-552A-48E3-A320-000001F28C1B}.Release-MSVC (NDEBUG)|Win32.ActiveCfg = Release-MSVC (NDEBUG)|Win32
		{85DE4E2D-552A-48E3-A320-000001F28C1B}.Release-MSVC (NDEBUG)|Win32.Build.0 = Release-MSVC (NDEBUG)|Win32
		{85DE4E2D-552A-48E3-A320-000001F28C1B}.Release-MSVC (NDEBUG)|x64.ActiveCfg = Release-MSVC (NDEBUG)|x64
		{85DE4E2D-552A-48E3-A320-000001F28C1B}.Release-MSVC (NDEBUG)|x64.Build.0 = Release-MSVC (NDEBUG)|x64
		{85DE4E2D-552A-48E3-A320-000001F28C1B}.Release-MSVC|Win32.ActiveCfg = Release-MSVC|Win32
		{85DE4E2D-552A-48E3-A320-000001F28C1B}.Release-MSVC|Win32.Build.0 = Release-MSVC|Win32
		{85DE4E2D-552A-48E3-A320-000001F28C1B}.Release-MSVC|x64.ActiveCfg = Release-MSVC|x64
		{85DE4E2D-552A-48E3-A320-000001F28C1B}.Release-MSVC|x64.Build.0 = Release-MSVC|x64
		{85DE4E2D-552A-48E3-A320-000078FC4157}.Debug-MSVC (NDEBUG)|Win32.ActiveCfg = Debug-MSVC (NDEBUG)|Win32
		{85DE4E2D-552A-48E3-A320-000078FC4157}.Debug-MSVC (NDEBUG)|Win32.Build.0 = Debug-MSVC (NDEBUG)|Win32
		{85DE4E2D-552A-48E3-A320-000078FC4157}.Debug-MSVC (NDEBUG)|x64.ActiveCfg = Debug-MSVC (NDEBUG)|x64
		{85DE4E2D-552A-48E3-A320-000078FC4157}.Debug-MSVC (NDEBUG)|x64.Build.0 = Debug-MSVC (NDEBUG)|x64
		{85DE4E2D-552A-48E3-A320-000078FC4157}.Debug-MSVC|Win32.ActiveCfg = Debug-MSVC|Win32
		{85DE4E2D-552A-48E3-A320-000078FC4157}.Debug-MSVC|Win32.Build.0 = Debug-MSVC|Win32
		{85DE4E2D-552A-48E3-A320-000078FC4157}.Debug-MSVC|x64.ActiveCfg = Debug-MSVC|x64
		{85DE4E2D-552A-48E3-A320-000078FC4157}.Debug-MSVC|x64.Build.0 = Debug-MSVC|x64
		{85DE4E2D-552A-48E3-A320-000078FC4157}.Release-MSVC (NDEBUG)|Win32.ActiveCfg = Release-MSVC (NDEBUG)|Win32
		{85DE4E2D-552A-48E3-A320-000078FC4157}.Release-MSVC (NDEBUG)|Win32.Build.0 = Release-MSVC (NDEBUG)|Win32
		{85DE4E2D-552A-48E3-A320-000078FC4157}.Release-MSVC (NDEBUG)|x64.ActiveCfg = Release-MSVC (NDEBUG)|x64
		{85DE4E2D-552A-48E3-A320-000078FC4157}.Release-MSVC (NDEBUG)|x64.Build.0 = Release-MSVC (NDEBUG)|x64
		{85DE4E2D-552A-48E3-A320-000078FC4157}.Release-MSVC|Win32.ActiveCfg = Release-MSVC|Win32
		{85DE4E2D-552A-48E3-A320-000078FC4157}.Release-MSVC|Win32.Build.0 = Release-MSVC|Win32
		{85DE4E2D-552A-48E3-A320-000078FC4157}.Release-MSVC|x64.ActiveCfg = Release-MSVC|x64
		{85DE4E2D-552A-48E3-A320-000078FC4157}.Release-MSVC|x64.Build.0 = Release-MSVC|x64
		{85DE4E2D-552A-48E3-A320-00000000F14D}.Debug-MSVC (NDEBUG)|Win32.ActiveCfg = Debug-MSVC (NDEBUG)|Win32
		{85DE4E2D-552A-48E3-A320-00000000F14D}.Debug-MSVC (NDEBUG)|Win32.Build.0 = Debug-MSVC (NDEBUG)|Win32
		{85DE4E2D-552A-48E3-A320-00000000F14D}.Debug-MSVC (NDEBUG)|x64.ActiveCfg = Debug-MSVC (NDEBUG)|x64
		{85DE4E2D-552A-48E3-A320-00000000F14D}.Debug-MSVC (NDEBUG)|x64.Build.0 = Debug-MSVC (NDEBUG)|x64
		{85DE4E2D-552A-48E3-A320-00000000F14D}.Debug-MSVC|Win32.ActiveCfg = Debug-MSVC|Win32
		{85DE4E2D-552A-48E3-A320-00000000F14D}.Debug-MSVC|Win32.Build.0 = Debug-MSVC|Win32
		{85DE4E2D-552A-48E3-A320-00000000F14D}.Debug-MSVC|x64.ActiveCfg = Debug-MSVC|x64
		{85DE4E2D-552A-48E3-A320-00000000F14D}.Debug-MSVC|x64.Build.0 = Debug-MSVC|x64
		{85DE4E2D-552A-48E3-A320-00000000F14D}.Release-MSVC (NDEBUG)|Win32.ActiveCfg = Release-MSVC (NDEBUG)|Win32
		{85DE4E2D-552A-48E3-A320-00000000F14D}.Release-MSVC (NDEBUG)|Win32.Build.0 = Release-MSVC (NDEBUG)|Win32
		{85DE4E2D-552A-48E3-A320-00000000F14D}.Release-MSVC (NDEBUG)|x64.ActiveCfg = Release-MSVC (NDEBUG)|x64
		{85DE4E2D-552A-48E3-A320-00000000F14D}.Release-MSVC (NDEBUG)|x64.Build.0 = Release-MSVC (NDEBUG)|x64
		{85DE4E2D-552A-48E3-A320-00000000F14D}.Release-MSVC|Win32.ActiveCfg = Release-MSVC|Win32
		{85DE4E2D-552A-48E3-A320-00000000F14D}.Release-MSVC|Win32.Build.0 = Release-MSVC|Win32
		{85DE4E2D-552A-48E3-A320-00000000F14D}.Release-MSVC|x64.ActiveCfg = Release-MSVC|x64
		{85DE4E2D-552A-48E3-A320-00000000F14D}.Release-MSVC|x64.Build.0 = Release-MSVC|x64
		{85DE4E2D-552A-48E3-A320-00000007B82A}.Debug-MSVC (NDEBUG)|Win32.ActiveCfg = Debug-MSVC (NDEBUG)|Win32
		{85DE4E2D-552A-48E3-A320-00000007B82A}.Debug-MSVC (NDEBUG)|Win32.Build.0 = Debug-MSVC (NDEBUG)|Win32
		{85DE4E2D-552A-48E3-A320-00000007B82A}.Debug-MSVC (NDEBUG)|x64.ActiveCfg = Debug-MSVC (NDEBUG)|x64
		{85DE4E2D-552A-48E3-A320-00000007B82A}.Debug-MSVC (NDEBUG)|x64.Build.0 = Debug-MSVC (NDEBUG)|x64
		{85DE4E2D-552A-48E3-A320-00000007B82A}.Debug-MSVC|Win32.ActiveCfg = Debug-MSVC|Win32
		{85DE4E2D-552A-48E3-A320-00000007B82A}.Debug-MSVC|Win32.Build.0 = Debug-MSVC|Win32
		{85DE4E2D-552A-48E3-A320-00000007B82A}.Debug-MSVC|x64.ActiveCfg = Debug-MSVC|x64
		{85DE4E2D-552A-48E3-A320-00000007B82A}.Debug-MSVC|x64.Build.0 = Debug-MSVC|x64
		{85DE4E2D-552A-48E3-A320-00000007B82A}.Release-MSVC (NDEBUG)|Win32.ActiveCfg = Release-MSVC (NDEBUG)|Win32
		{85DE4E2D-552A-48E3-A320-00000007B82A}.Release-MSVC (NDEBUG)|Win32.Build.0 = Release-MSVC (NDEBUG)|Win32
		{85DE4E2D-552A-48E3-A320-00000007B82A}.Release-MSVC (NDEBUG)|x64.ActiveCfg = Release-MSVC (NDEBUG)|x64
		{85DE4E2D-552A-48E3-A320-00000007B82A}.Release-MSVC (NDEBUG)|x64.Build.0 = Release-MSVC (NDEBUG)|x64
		{85DE4E2D-552A-48E3-A320-00000007B82A}.Release-MSVC|Win32.ActiveCfg = Release-MSVC|Win32
		{85DE4E2D-552A-48E3-A320-00000007B82A}.Release-MSVC|Win32.Build.0 = Release-MSVC|Win32
		{85DE4E2D-552A-48E3-A320-00000007B82A}.Release-MSVC|x64.ActiveCfg = Release-MSVC|x64
		{85DE4E2D-552A-48E3-A320-00000007B82A}.Release-MSVC|x64.Build.0 = Release-MSVC|x64
	EndGlobalSection
	GlobalSection(SolutionProperties) = preSolution
		HideSolutionNode = FALSE
	EndGlobalSection
	GlobalSection(NestedProjects) = preSolution
		{85DE4E2D-552A-48E3-A320-00000A7043B5} = {2360741E-FB49-40D4-B684-000000001A50}
		{85DE4E2D-552A-48E3-A320-00000A11F74B} = {2360741E-FB49-40D4-B684-000000001A50}
		{85DE4E2D-552A-48E3-A320-001BD8220AC3} = {2360741E-FB49-40D4-B684-000000001A50}
		{85DE4E2D-552A-48E3-A320-000000362D5B} = {2360741E-FB49-40D4-B684-000000001A50}
		{85DE4E2D-552A-48E3-A320-00D1B6988C5A} = {2360741E-FB49-40D4-B684-000000001A50}
		{85DE4E2D-552A-48E3-A320-00000006AA5B} = {2360741E-FB49-40D4-B684-000000001A50}
		{85DE4E2D-552A-48E3-A320-00000197782A} = {2360741E-FB49-40D4-B684-000000001A50}
		{85DE4E2D-552A-48E3-A320-0000000019A3} = {2360741E-FB49-40D4-B684-000000001A50}
		{85DE4E2D-552A-48E3-A320-00000000CBD6} = {2360741E-FB49-40D4-B684-000000001A50}
		{85DE4E2D-552A-48E3-A320-00000000C188} = {2360741E-FB49-40D4-B684-000000001A50}
		{85DE4E2D-552A-48E3-A320-0000000018DC} = {2360741E-FB49-40D4-B684-000000001A50}
		{85DE4E2D-552A-48E3-A320-00000007C1F0} = {2360741E-FB49-40D4-B684-000000001A50}
		{85DE4E2D-552A-48E3-A320-0000000003E4} = {2360741E-FB49-40D4-B684-000000001A50}
		{85DE4E2D-552A-48E3-A320-000001F28C1B} = {2360741E-FB49-40D4-B684-000000001A50}
		{85DE4E2D-552A-48E3-A320-000078FC4157} = {2360741E-FB49-40D4-B684-000000001A50}
		{85DE4E2D-552A-48E3-A320-00000000F14D} = {2360741E-FB49-40D4-B684-000000001A50}
		{85DE4E2D-552A-48E3-A320-00000007B82A} = {2360741E-FB49-40D4-B684-000000001A50}
		{2360741E-FB49-40D4-B684-001820CBA22B} = {2360741E-FB49-40D4-B684-00000000182A}
		{2360741E-FB49-40D4-B684-00182015F605} = {2360741E-FB49-40D4-B684-00000000182A}
		{2360741E-FB49-40D4-B684-0000018200DC} = {2360741E-FB49-40D4-B684-00000000182A}
		{2360741E-FB49-40D4-B684-0003040F6116} = {2360741E-FB49-40D4-B684-00000000182A}
		{2360741E-FB49-40D4-B684-0000003040E4} = {2360741E-FB49-40D4-B684-00000000182A}
		{2360741E-FB49-40D4-B684-060818FC4157} = {2360741E-FB49-40D4-B684-00000000182A}
		{2360741E-FB49-40D4-B684-4301F0D08B78} = {2360741E-FB49-40D4-B684-00182015F605}
		{2360741E-FB49-40D4-B684-BF650AB8E3CD} = {2360741E-FB49-40D4-B684-00182015F605}
		{2360741E-FB49-40D4-B684-4301F0D088B2} = {2360741E-FB49-40D4-B684-00182015F605}
		{2360741E-FB49-40D4-B684-4301F0D08DF1} = {2360741E-FB49-40D4-B684-00182015F605}
		{2360741E-FB49-40D4-B684-591924C4CFA6} = {2360741E-FB49-40D4-B684-4301F0D08DF1}
		{2360741E-FB49-40D4-B684-0003040EE286} = {2360741E-FB49-40D4-B684-0000003040E4}
		{2360741E-FB49-40D4-B684-00C103B84A53} = {2360741E-FB49-40D4-B684-0000003040E4}
		{2360741E-FB49-40D4-B684-00F42E7A6DD3} = {2360741E-FB49-40D4-B684-00000000F424}
		{2360741E-FB49-40D4-B684-00007A1732AC} = {2360741E-FB49-40D4-B684-00000000F424}
		{2360741E-FB49-40D4-B684-00000F42E6DC} = {2360741E-FB49-40D4-B684-00000000F424}
		{2360741E-FB49-40D4-B684-C63EFA43917B} = {2360741E-FB49-40D4-B684-00000F42E6DC}
	EndGlobalSection
	GlobalSection(ExtensibilityGlobals) = postSolution
		SolutionGuid = {A751EA8C-34FD-41A5-B12E-5C7D76FEF65A}
	EndGlobalSection
EndGlobal
